
Microsoft Visual Studio Solution File, Format Version 9.00
# Visual Studio 2005
Project("{FAE04EC0-301F-11D3-BF4B-00C04F79EFBC}") = "Anubis", "Anubis.csproj", "{9422E4B4-765F-4008-B41E-67A9F27D3124}"
	ProjectSection(WebsiteProperties) = preProject
		Debug.AspNetCompiler.Debug = "True"
		Release.AspNetCompiler.Debug = "False"
	EndProjectSection
EndProject
Project("{FAE04EC0-301F-11D3-BF4B-00C04F79EFBC}") = "TNS.AdExpress", "..\DLL\TNS.AdExpress\TNS.AdExpress.csproj", "{6E75699B-838C-4534-99F7-D4C3E768CD57}"
	ProjectSection(WebsiteProperties) = preProject
		Debug.AspNetCompiler.Debug = "True"
		Release.AspNetCompiler.Debug = "False"
	EndProjectSection
EndProject
Project("{FAE04EC0-301F-11D3-BF4B-00C04F79EFBC}") = "TNS.AdExpress.Anubis", "..\DLL\TNS.AdExpress.Anubis\TNS.AdExpress.Anubis.csproj", "{614B37CF-80A5-4252-AC63-F1811B073F5D}"
	ProjectSection(WebsiteProperties) = preProject
		Debug.AspNetCompiler.Debug = "True"
		Release.AspNetCompiler.Debug = "False"
	EndProjectSection
EndProject
Project("{FAE04EC0-301F-11D3-BF4B-00C04F79EFBC}") = "TNS.AdExpress.Anubis.Constantes", "..\DLL\TNS.AdExpress.Anubis.Constantes\TNS.AdExpress.Anubis.Constantes.csproj", "{87716AC8-B9D2-432C-84F7-885A73B77141}"
	ProjectSection(WebsiteProperties) = preProject
		Debug.AspNetCompiler.Debug = "True"
		Release.AspNetCompiler.Debug = "False"
	EndProjectSection
EndProject
Project("{FAE04EC0-301F-11D3-BF4B-00C04F79EFBC}") = "TNS.AdExpress.Classification", "..\DLL\TNS.AdExpress.Classification\TNS.AdExpress.Classification.csproj", "{85908D78-32C1-4C1B-9E17-0D957B849DFA}"
	ProjectSection(WebsiteProperties) = preProject
		Debug.AspNetCompiler.Debug = "True"
		Release.AspNetCompiler.Debug = "False"
	EndProjectSection
EndProject
Project("{FAE04EC0-301F-11D3-BF4B-00C04F79EFBC}") = "TNS.AdExpress.Constantes", "..\DLL\TNS.AdExpress.Constantes\TNS.AdExpress.Constantes.csproj", "{E25DBD07-256D-4078-A3C9-27153081629F}"
	ProjectSection(WebsiteProperties) = preProject
		Debug.AspNetCompiler.Debug = "True"
		Release.AspNetCompiler.Debug = "False"
	EndProjectSection
EndProject
Project("{FAE04EC0-301F-11D3-BF4B-00C04F79EFBC}") = "TNS.AdExpress.Web", "..\DLL\TNS.AdExpress.Web\TNS.AdExpress.Web.csproj", "{2370D3FD-15E0-4FA6-8535-2F16EB42FE93}"
	ProjectSection(WebsiteProperties) = preProject
		Debug.AspNetCompiler.Debug = "True"
		Release.AspNetCompiler.Debug = "False"
	EndProjectSection
EndProject
Project("{FAE04EC0-301F-11D3-BF4B-00C04F79EFBC}") = "TNS.AdExpress.Web.Core", "..\DLL\TNS.AdExpress.Web.Core\TNS.AdExpress.Web.Core.csproj", "{631C0A5E-19F9-4F90-B80C-03A4F59A8174}"
	ProjectSection(WebsiteProperties) = preProject
		Debug.AspNetCompiler.Debug = "True"
		Release.AspNetCompiler.Debug = "False"
	EndProjectSection
EndProject
Project("{FAE04EC0-301F-11D3-BF4B-00C04F79EFBC}") = "TNS.AdExpress.Anubis.Appm", "..\DLL\TNS.AdExpress.Anubis.Appm\TNS.AdExpress.Anubis.Appm.csproj", "{10E2F622-D153-497A-907D-C26B320FDBD9}"
	ProjectSection(WebsiteProperties) = preProject
		Debug.AspNetCompiler.Debug = "True"
		Release.AspNetCompiler.Debug = "False"
	EndProjectSection
EndProject
Project("{FAE04EC0-301F-11D3-BF4B-00C04F79EFBC}") = "TNS.AdExpress.Anubis.Aton", "..\DLL\TNS.AdExpress.Anubis.Aton\TNS.AdExpress.Anubis.Aton.csproj", "{B4DF037E-C165-4018-A716-E5EBFBEE0120}"
	ProjectSection(WebsiteProperties) = preProject
		Debug.AspNetCompiler.Debug = "True"
		Release.AspNetCompiler.Debug = "False"
	EndProjectSection
EndProject
Project("{FAE04EC0-301F-11D3-BF4B-00C04F79EFBC}") = "TNS.AdExpress.Anubis.Hotep", "..\DLL\TNS.AdExpress.Anubis.Hotep\TNS.AdExpress.Anubis.Hotep.csproj", "{15D35C74-51FD-4533-8FF1-6C6064E6B963}"
	ProjectSection(WebsiteProperties) = preProject
		Debug.AspNetCompiler.Debug = "True"
		Release.AspNetCompiler.Debug = "False"
	EndProjectSection
EndProject
Project("{FAE04EC0-301F-11D3-BF4B-00C04F79EFBC}") = "TNS.AdExpress.Anubis.Miysis", "..\DLL\TNS.AdExpress.Anubis.Miysis\TNS.AdExpress.Anubis.Miysis.csproj", "{789382E6-1D15-43BA-94C9-AB4252A522EB}"
	ProjectSection(WebsiteProperties) = preProject
		Debug.AspNetCompiler.Debug = "True"
		Release.AspNetCompiler.Debug = "False"
	EndProjectSection
EndProject
Project("{FAE04EC0-301F-11D3-BF4B-00C04F79EFBC}") = "TNS.AdExpress.Anubis.Mnevis", "..\DLL\TNS.AdExpress.Anubis.Mnevis\TNS.AdExpress.Anubis.Mnevis.csproj", "{6E96FEF2-DB51-495F-B669-FD34180F33DF}"
	ProjectSection(WebsiteProperties) = preProject
		Debug.AspNetCompiler.Debug = "True"
		Release.AspNetCompiler.Debug = "False"
	EndProjectSection
EndProject
Project("{FAE04EC0-301F-11D3-BF4B-00C04F79EFBC}") = "TNS.AdExpress.Anubis.Satet", "..\DLL\TNS.AdExpress.Anubis.Satet\TNS.AdExpress.Anubis.Satet.csproj", "{CD735B8C-C50F-4E93-A8FA-B70C421B8A35}"
	ProjectSection(WebsiteProperties) = preProject
		Debug.AspNetCompiler.Debug = "True"
		Release.AspNetCompiler.Debug = "False"
	EndProjectSection
EndProject
Project("{FAE04EC0-301F-11D3-BF4B-00C04F79EFBC}") = "TNS.AdExpress.Anubis.Shou", "..\DLL\TNS.AdExpress.Anubis.Shou\TNS.AdExpress.Anubis.Shou.csproj", "{CAC9AD4B-7AB0-4F48-A3C6-1F8B552673D4}"
	ProjectSection(WebsiteProperties) = preProject
		Debug.AspNetCompiler.Debug = "True"
		Release.AspNetCompiler.Debug = "False"
	EndProjectSection
EndProject
Project("{FAE04EC0-301F-11D3-BF4B-00C04F79EFBC}") = "TNS.AdExpress.Anubis.Sobek", "..\DLL\TNS.AdExpress.Anubis.Sobek\TNS.AdExpress.Anubis.Sobek.csproj", "{092C3F2B-3026-4BE3-AA8E-01F11E0B5173}"
	ProjectSection(WebsiteProperties) = preProject
		Debug.AspNetCompiler.Debug = "True"
		Release.AspNetCompiler.Debug = "False"
	EndProjectSection
EndProject
Project("{FAE04EC0-301F-11D3-BF4B-00C04F79EFBC}") = "TNS.AdExpress.Anubis.Amset", "..\DLL\TNS.AdExpress.Anubis.Amset\TNS.AdExpress.Anubis.Amset.csproj", "{8723463B-7215-4F70-9B47-B6F84BFFC13C}"
	ProjectSection(WebsiteProperties) = preProject
		Debug.AspNetCompiler.Debug = "True"
		Release.AspNetCompiler.Debug = "False"
	EndProjectSection
EndProject
Project("{FAE04EC0-301F-11D3-BF4B-00C04F79EFBC}") = "TNS.AdExpress.Anubis.Bastet", "..\DLL\TNS.AdExpress.Anubis.Bastet\TNS.AdExpress.Anubis.Bastet.csproj", "{351CB38F-7054-4438-8793-13E264063F17}"
	ProjectSection(WebsiteProperties) = preProject
		Debug.AspNetCompiler.Debug = "True"
		Release.AspNetCompiler.Debug = "False"
	EndProjectSection
EndProject
Project("{FAE04EC0-301F-11D3-BF4B-00C04F79EFBC}") = "TNS.AdExpress.Bastet", "..\DLL\TNS.AdExpress.Bastet\TNS.AdExpress.Bastet.csproj", "{D622B998-DC44-438B-BDD3-F27074A1FE75}"
	ProjectSection(WebsiteProperties) = preProject
		Debug.AspNetCompiler.Debug = "True"
		Release.AspNetCompiler.Debug = "False"
	EndProjectSection
EndProject
Project("{FAE04EC0-301F-11D3-BF4B-00C04F79EFBC}") = "TNS.AdExpress.Hermes", "..\DLL\TNS.AdExpress.Hermes\TNS.AdExpress.Hermes.csproj", "{B7917C3F-0F39-46B4-8E28-D036ACBFE233}"
	ProjectSection(WebsiteProperties) = preProject
		Debug.AspNetCompiler.Debug = "True"
		Release.AspNetCompiler.Debug = "False"
	EndProjectSection
EndProject
Project("{FAE04EC0-301F-11D3-BF4B-00C04F79EFBC}") = "TNS.AdExpress.Anubis.HermesRadioTv", "..\DLL\TNS.AdExpress.Anubis.HermesRadioTv\TNS.AdExpress.Anubis.HermesRadioTv.csproj", "{DE3960EC-5D01-4C00-8FBD-F0C91A3009D9}"
	ProjectSection(WebsiteProperties) = preProject
		Debug.AspNetCompiler.Debug = "True"
		Release.AspNetCompiler.Debug = "False"
	EndProjectSection
EndProject
Project("{FAE04EC0-301F-11D3-BF4B-00C04F79EFBC}") = "TNS.AdExpress.DataAccess", "..\DLL\TNS.AdExpress.DataAccess\TNS.AdExpress.DataAccess.csproj", "{A4DEDE88-C99E-495F-98F2-E2762520F4BE}"
	ProjectSection(WebsiteProperties) = preProject
		Debug.AspNetCompiler.Debug = "True"
		Release.AspNetCompiler.Debug = "False"
	EndProjectSection
EndProject
Project("{FAE04EC0-301F-11D3-BF4B-00C04F79EFBC}") = "TNS.AdExpress.Domain", "..\DLL\TNS.AdExpress.Domain\TNS.AdExpress.Domain.csproj", "{0AD4151F-074C-4C7D-9FFC-6DE8D186626A}"
	ProjectSection(WebsiteProperties) = preProject
		Debug.AspNetCompiler.Debug = "True"
		Release.AspNetCompiler.Debug = "False"
	EndProjectSection
EndProject
Project("{FAE04EC0-301F-11D3-BF4B-00C04F79EFBC}") = "TNS.AdExpressI.Insertions", "..\DLL\TNS.AdExpressI.Insertions\TNS.AdExpressI.Insertions.csproj", "{E1A418FC-6512-46D5-99CF-374682F0C792}"
	ProjectSection(WebsiteProperties) = preProject
		Debug.AspNetCompiler.Debug = "True"
		Release.AspNetCompiler.Debug = "False"
	EndProjectSection
EndProject
Project("{FAE04EC0-301F-11D3-BF4B-00C04F79EFBC}") = "TNS.AdExpressI.Insertions.DAL", "..\DLL\TNS.AdExpressI.Insertions.DAL\TNS.AdExpressI.Insertions.DAL.csproj", "{446AA1FA-2CE3-49D1-99CC-6EBAECCDA911}"
	ProjectSection(WebsiteProperties) = preProject
		Debug.AspNetCompiler.Debug = "True"
		Release.AspNetCompiler.Debug = "False"
	EndProjectSection
EndProject
Project("{FAE04EC0-301F-11D3-BF4B-00C04F79EFBC}") = "TNS.AdExpressI.Insertions.Default", "..\DLL\TNS.AdExpressI.Insertions.Default\TNS.AdExpressI.Insertions.Default.csproj", "{DEA1A6A0-32D0-4624-B216-A95B13070078}"
	ProjectSection(WebsiteProperties) = preProject
		Debug.AspNetCompiler.Debug = "True"
		Release.AspNetCompiler.Debug = "False"
	EndProjectSection
EndProject
Project("{FAE04EC0-301F-11D3-BF4B-00C04F79EFBC}") = "TNS.AdExpressI.Insertions.DAL.Default", "..\DLL\TNS.AdExpressI.Insertions.DAL.Default\TNS.AdExpressI.Insertions.DAL.Default.csproj", "{04D00ADF-5026-4790-9D76-8B9F6F0B6F47}"
	ProjectSection(WebsiteProperties) = preProject
		Debug.AspNetCompiler.Debug = "True"
		Release.AspNetCompiler.Debug = "False"
	EndProjectSection
EndProject
Project("{FAE04EC0-301F-11D3-BF4B-00C04F79EFBC}") = "TNS.AdExpressI.MediaSchedule", "..\DLL\TNS.AdExpressI.MediaSchedule\TNS.AdExpressI.MediaSchedule.csproj", "{23E7E071-0FB0-43D4-B19D-B964EC3082F6}"
	ProjectSection(WebsiteProperties) = preProject
		Debug.AspNetCompiler.Debug = "True"
		Release.AspNetCompiler.Debug = "False"
	EndProjectSection
EndProject
Project("{FAE04EC0-301F-11D3-BF4B-00C04F79EFBC}") = "TNS.AdExpressI.MediaSchedule.Appm", "..\DLL\TNS.AdExpressI.MediaSchedule.Appm\TNS.AdExpressI.MediaSchedule.Appm.csproj", "{DF4CE6AB-ED48-4758-AE27-C7AB587B0B19}"
	ProjectSection(WebsiteProperties) = preProject
		Debug.AspNetCompiler.Debug = "True"
		Release.AspNetCompiler.Debug = "False"
	EndProjectSection
EndProject
Project("{FAE04EC0-301F-11D3-BF4B-00C04F79EFBC}") = "TNS.AdExpressI.MediaSchedule.DAL.Appm", "..\DLL\TNS.AdExpressI.MediaSchedule.DAL.Appm\TNS.AdExpressI.MediaSchedule.DAL.Appm.csproj", "{B29F06C7-452A-4754-A988-060F8EE0FCF6}"
	ProjectSection(WebsiteProperties) = preProject
		Debug.AspNetCompiler.Debug = "True"
		Release.AspNetCompiler.Debug = "False"
	EndProjectSection
EndProject
Project("{FAE04EC0-301F-11D3-BF4B-00C04F79EFBC}") = "TNS.AdExpressI.MediaSchedule.DAL.Default", "..\DLL\TNS.AdExpressI.MediaSchedule.DAL.Default\TNS.AdExpressI.MediaSchedule.DAL.Default.csproj", "{8368962F-842E-481B-9C86-5E5609ABCCC9}"
	ProjectSection(WebsiteProperties) = preProject
		Debug.AspNetCompiler.Debug = "True"
		Release.AspNetCompiler.Debug = "False"
	EndProjectSection
EndProject
Project("{FAE04EC0-301F-11D3-BF4B-00C04F79EFBC}") = "TNS.AdExpressI.MediaSchedule.DAL.Finland", "..\DLL\TNS.AdExpressI.MediaSchedule.DAL.Finland\TNS.AdExpressI.MediaSchedule.DAL.Finland.csproj", "{86FBED0B-CD32-4A72-BDB8-D323558AC6DF}"
	ProjectSection(WebsiteProperties) = preProject
		Debug.AspNetCompiler.Debug = "True"
		Release.AspNetCompiler.Debug = "False"
	EndProjectSection
EndProject
Project("{FAE04EC0-301F-11D3-BF4B-00C04F79EFBC}") = "TNS.AdExpressI.MediaSchedule.DAL", "..\DLL\TNS.AdExpressI.MediaSchedule.DAL\TNS.AdExpressI.MediaSchedule.DAL.csproj", "{39325692-D25F-400C-8E46-080BCB3B3524}"
	ProjectSection(WebsiteProperties) = preProject
		Debug.AspNetCompiler.Debug = "True"
		Release.AspNetCompiler.Debug = "False"
	EndProjectSection
EndProject
Project("{FAE04EC0-301F-11D3-BF4B-00C04F79EFBC}") = "TNS.AdExpressI.MediaSchedule.Default", "..\DLL\TNS.AdExpressI.MediaSchedule.Default\TNS.AdExpressI.MediaSchedule.Default.csproj", "{218C0E5B-6602-4E4E-B469-1D8479223288}"
	ProjectSection(WebsiteProperties) = preProject
		Debug.AspNetCompiler.Debug = "True"
		Release.AspNetCompiler.Debug = "False"
	EndProjectSection
EndProject
Project("{FAE04EC0-301F-11D3-BF4B-00C04F79EFBC}") = "TNS.AdExpressI.ProductClassIndicators", "..\DLL\TNS.AdExpressI.ProductClassIndicators\TNS.AdExpressI.ProductClassIndicators.csproj", "{F0E136B5-AA9D-468D-BAE4-3599B11D854F}"
	ProjectSection(WebsiteProperties) = preProject
		Debug.AspNetCompiler.Debug = "True"
		Release.AspNetCompiler.Debug = "False"
	EndProjectSection
EndProject
Project("{FAE04EC0-301F-11D3-BF4B-00C04F79EFBC}") = "TNS.AdExpressI.ProductClassIndicators.DAL", "..\DLL\TNS.AdExpressI.ProductClassIndicators.DAL\TNS.AdExpressI.ProductClassIndicators.DAL.csproj", "{3CA92134-6C33-4A42-A3C9-1F7D3F36AC42}"
	ProjectSection(WebsiteProperties) = preProject
		Debug.AspNetCompiler.Debug = "True"
		Release.AspNetCompiler.Debug = "False"
	EndProjectSection
EndProject
Project("{FAE04EC0-301F-11D3-BF4B-00C04F79EFBC}") = "TNS.AdExpressI.ProductClassIndicators.DAL.Default", "..\DLL\TNS.AdExpressI.ProductClassIndicators.DAL.Default\TNS.AdExpressI.ProductClassIndicators.DAL.Default.csproj", "{F57A3E4F-A152-4815-AF94-DC94A885FC52}"
	ProjectSection(WebsiteProperties) = preProject
		Debug.AspNetCompiler.Debug = "True"
		Release.AspNetCompiler.Debug = "False"
	EndProjectSection
EndProject
Project("{FAE04EC0-301F-11D3-BF4B-00C04F79EFBC}") = "TNS.AdExpressI.ProductClassIndicators.Default", "..\DLL\TNS.AdExpressI.ProductClassIndicators.Default\TNS.AdExpressI.ProductClassIndicators.Default.csproj", "{8EFDFB61-D41D-42C3-A887-898CAB250258}"
	ProjectSection(WebsiteProperties) = preProject
		Debug.AspNetCompiler.Debug = "True"
		Release.AspNetCompiler.Debug = "False"
	EndProjectSection
EndProject
Global
	GlobalSection(TeamFoundationVersionControl) = preSolution
		SccNumberOfProjects = 39
		SccEnterpriseProvider = {4CA58AB2-18FA-4F8D-95D4-32DDF27D184C}
		SccTeamFoundationServer = http://frmitch-tfs:8080/
		SccLocalPath0 = .
		SccProjectUniqueName1 = Anubis.csproj
		SccLocalPath1 = .
		SccProjectUniqueName2 = ..\\DLL\\TNS.AdExpress\\TNS.AdExpress.csproj
		SccProjectName2 = ../DLL/TNS.AdExpress
		SccLocalPath2 = ..\\DLL\\TNS.AdExpress
		SccProjectUniqueName3 = ..\\DLL\\TNS.AdExpress.Anubis\\TNS.AdExpress.Anubis.csproj
		SccProjectName3 = ../DLL/TNS.AdExpress.Anubis
		SccLocalPath3 = ..\\DLL\\TNS.AdExpress.Anubis
		SccProjectUniqueName4 = ..\\DLL\\TNS.AdExpress.Anubis.Constantes\\TNS.AdExpress.Anubis.Constantes.csproj
		SccProjectName4 = ../DLL/TNS.AdExpress.Anubis.Constantes
		SccLocalPath4 = ..\\DLL\\TNS.AdExpress.Anubis.Constantes
		SccProjectUniqueName5 = ..\\DLL\\TNS.AdExpress.Classification\\TNS.AdExpress.Classification.csproj
		SccProjectName5 = ../DLL/TNS.AdExpress.Classification
		SccLocalPath5 = ..\\DLL\\TNS.AdExpress.Classification
		SccProjectUniqueName6 = ..\\DLL\\TNS.AdExpress.Constantes\\TNS.AdExpress.Constantes.csproj
		SccProjectName6 = ../DLL/TNS.AdExpress.Constantes
		SccLocalPath6 = ..\\DLL\\TNS.AdExpress.Constantes
		SccProjectUniqueName7 = ..\\DLL\\TNS.AdExpress.Web\\TNS.AdExpress.Web.csproj
		SccProjectName7 = ../DLL/TNS.AdExpress.Web
		SccLocalPath7 = ..\\DLL\\TNS.AdExpress.Web
		SccProjectUniqueName8 = ..\\DLL\\TNS.AdExpress.Web.Core\\TNS.AdExpress.Web.Core.csproj
		SccProjectName8 = ../DLL/TNS.AdExpress.Web.Core
		SccLocalPath8 = ..\\DLL\\TNS.AdExpress.Web.Core
		SccProjectUniqueName9 = ..\\DLL\\TNS.AdExpress.Anubis.Appm\\TNS.AdExpress.Anubis.Appm.csproj
		SccProjectName9 = ../DLL/TNS.AdExpress.Anubis.Appm
		SccLocalPath9 = ..\\DLL\\TNS.AdExpress.Anubis.Appm
		SccProjectUniqueName10 = ..\\DLL\\TNS.AdExpress.Anubis.Aton\\TNS.AdExpress.Anubis.Aton.csproj
		SccProjectName10 = ../DLL/TNS.AdExpress.Anubis.Aton
		SccLocalPath10 = ..\\DLL\\TNS.AdExpress.Anubis.Aton
		SccProjectUniqueName11 = ..\\DLL\\TNS.AdExpress.Anubis.Hotep\\TNS.AdExpress.Anubis.Hotep.csproj
		SccProjectName11 = ../DLL/TNS.AdExpress.Anubis.Hotep
		SccLocalPath11 = ..\\DLL\\TNS.AdExpress.Anubis.Hotep
		SccProjectUniqueName12 = ..\\DLL\\TNS.AdExpress.Anubis.Miysis\\TNS.AdExpress.Anubis.Miysis.csproj
		SccProjectName12 = ../DLL/TNS.AdExpress.Anubis.Miysis
		SccLocalPath12 = ..\\DLL\\TNS.AdExpress.Anubis.Miysis
		SccProjectUniqueName13 = ..\\DLL\\TNS.AdExpress.Anubis.Mnevis\\TNS.AdExpress.Anubis.Mnevis.csproj
		SccProjectName13 = ../DLL/TNS.AdExpress.Anubis.Mnevis
		SccLocalPath13 = ..\\DLL\\TNS.AdExpress.Anubis.Mnevis
		SccProjectUniqueName14 = ..\\DLL\\TNS.AdExpress.Anubis.Satet\\TNS.AdExpress.Anubis.Satet.csproj
		SccProjectName14 = ../DLL/TNS.AdExpress.Anubis.Satet
		SccLocalPath14 = ..\\DLL\\TNS.AdExpress.Anubis.Satet
		SccProjectUniqueName15 = ..\\DLL\\TNS.AdExpress.Anubis.Shou\\TNS.AdExpress.Anubis.Shou.csproj
		SccProjectName15 = ../DLL/TNS.AdExpress.Anubis.Shou
		SccLocalPath15 = ..\\DLL\\TNS.AdExpress.Anubis.Shou
		SccProjectUniqueName16 = ..\\DLL\\TNS.AdExpress.Anubis.Sobek\\TNS.AdExpress.Anubis.Sobek.csproj
		SccProjectName16 = ../DLL/TNS.AdExpress.Anubis.Sobek
		SccLocalPath16 = ..\\DLL\\TNS.AdExpress.Anubis.Sobek
		SccProjectUniqueName17 = ..\\DLL\\TNS.AdExpress.Anubis.Amset\\TNS.AdExpress.Anubis.Amset.csproj
		SccProjectName17 = ../DLL/TNS.AdExpress.Anubis.Amset
		SccLocalPath17 = ..\\DLL\\TNS.AdExpress.Anubis.Amset
		SccProjectUniqueName18 = ..\\DLL\\TNS.AdExpress.Anubis.Bastet\\TNS.AdExpress.Anubis.Bastet.csproj
		SccProjectName18 = ../DLL/TNS.AdExpress.Anubis.Bastet
		SccLocalPath18 = ..\\DLL\\TNS.AdExpress.Anubis.Bastet
		SccProjectUniqueName19 = ..\\DLL\\TNS.AdExpress.Bastet\\TNS.AdExpress.Bastet.csproj
		SccProjectName19 = ../DLL/TNS.AdExpress.Bastet
		SccLocalPath19 = ..\\DLL\\TNS.AdExpress.Bastet
		SccProjectUniqueName20 = ..\\DLL\\TNS.AdExpress.Hermes\\TNS.AdExpress.Hermes.csproj
		SccProjectName20 = ../DLL/TNS.AdExpress.Hermes
		SccLocalPath20 = ..\\DLL\\TNS.AdExpress.Hermes
		SccProjectUniqueName21 = ..\\DLL\\TNS.AdExpress.Anubis.HermesRadioTv\\TNS.AdExpress.Anubis.HermesRadioTv.csproj
		SccProjectName21 = ../DLL/TNS.AdExpress.Anubis.HermesRadioTv
		SccLocalPath21 = ..\\DLL\\TNS.AdExpress.Anubis.HermesRadioTv
		SccProjectUniqueName22 = ..\\DLL\\TNS.AdExpress.DataAccess\\TNS.AdExpress.DataAccess.csproj
		SccProjectName22 = ../DLL/TNS.AdExpress.DataAccess
		SccLocalPath22 = ..\\DLL\\TNS.AdExpress.DataAccess
		SccProjectUniqueName23 = ..\\DLL\\TNS.AdExpress.Domain\\TNS.AdExpress.Domain.csproj
		SccProjectName23 = ../DLL/TNS.AdExpress.Domain
		SccLocalPath23 = ..\\DLL\\TNS.AdExpress.Domain
		SccProjectUniqueName24 = ..\\DLL\\TNS.AdExpressI.Insertions\\TNS.AdExpressI.Insertions.csproj
		SccProjectName24 = ../DLL/TNS.AdExpressI.Insertions
		SccLocalPath24 = ..\\DLL\\TNS.AdExpressI.Insertions
		SccProjectUniqueName25 = ..\\DLL\\TNS.AdExpressI.Insertions.DAL\\TNS.AdExpressI.Insertions.DAL.csproj
		SccProjectName25 = ../DLL/TNS.AdExpressI.Insertions.DAL
		SccLocalPath25 = ..\\DLL\\TNS.AdExpressI.Insertions.DAL
		SccProjectUniqueName26 = ..\\DLL\\TNS.AdExpressI.Insertions.Default\\TNS.AdExpressI.Insertions.Default.csproj
		SccProjectName26 = ../DLL/TNS.AdExpressI.Insertions.Default
		SccLocalPath26 = ..\\DLL\\TNS.AdExpressI.Insertions.Default
		SccProjectUniqueName27 = ..\\DLL\\TNS.AdExpressI.Insertions.DAL.Default\\TNS.AdExpressI.Insertions.DAL.Default.csproj
		SccProjectName27 = ../DLL/TNS.AdExpressI.Insertions.DAL.Default
		SccLocalPath27 = ..\\DLL\\TNS.AdExpressI.Insertions.DAL.Default
		SccProjectUniqueName28 = ..\\DLL\\TNS.AdExpressI.MediaSchedule\\TNS.AdExpressI.MediaSchedule.csproj
		SccProjectName28 = ../DLL/TNS.AdExpressI.MediaSchedule
		SccLocalPath28 = ..\\DLL\\TNS.AdExpressI.MediaSchedule
		SccProjectUniqueName29 = ..\\DLL\\TNS.AdExpressI.MediaSchedule.Appm\\TNS.AdExpressI.MediaSchedule.Appm.csproj
		SccProjectName29 = ../DLL/TNS.AdExpressI.MediaSchedule.Appm
		SccLocalPath29 = ..\\DLL\\TNS.AdExpressI.MediaSchedule.Appm
		SccProjectUniqueName30 = ..\\DLL\\TNS.AdExpressI.MediaSchedule.DAL.Appm\\TNS.AdExpressI.MediaSchedule.DAL.Appm.csproj
		SccProjectName30 = ../DLL/TNS.AdExpressI.MediaSchedule.DAL.Appm
		SccLocalPath30 = ..\\DLL\\TNS.AdExpressI.MediaSchedule.DAL.Appm
		SccProjectUniqueName31 = ..\\DLL\\TNS.AdExpressI.MediaSchedule.DAL.Default\\TNS.AdExpressI.MediaSchedule.DAL.Default.csproj
		SccProjectName31 = ../DLL/TNS.AdExpressI.MediaSchedule.DAL.Default
		SccLocalPath31 = ..\\DLL\\TNS.AdExpressI.MediaSchedule.DAL.Default
		SccProjectUniqueName32 = ..\\DLL\\TNS.AdExpressI.MediaSchedule.DAL.Finland\\TNS.AdExpressI.MediaSchedule.DAL.Finland.csproj
		SccProjectName32 = ../DLL/TNS.AdExpressI.MediaSchedule.DAL.Finland
		SccLocalPath32 = ..\\DLL\\TNS.AdExpressI.MediaSchedule.DAL.Finland
		SccProjectUniqueName33 = ..\\DLL\\TNS.AdExpressI.MediaSchedule.DAL\\TNS.AdExpressI.MediaSchedule.DAL.csproj
		SccProjectName33 = ../DLL/TNS.AdExpressI.MediaSchedule.DAL
		SccLocalPath33 = ..\\DLL\\TNS.AdExpressI.MediaSchedule.DAL
		SccProjectUniqueName34 = ..\\DLL\\TNS.AdExpressI.MediaSchedule.Default\\TNS.AdExpressI.MediaSchedule.Default.csproj
		SccProjectName34 = ../DLL/TNS.AdExpressI.MediaSchedule.Default
		SccLocalPath34 = ..\\DLL\\TNS.AdExpressI.MediaSchedule.Default
		SccProjectUniqueName35 = ..\\DLL\\TNS.AdExpressI.ProductClassIndicators\\TNS.AdExpressI.ProductClassIndicators.csproj
		SccProjectName35 = ../DLL/TNS.AdExpressI.ProductClassIndicators
		SccLocalPath35 = ..\\DLL\\TNS.AdExpressI.ProductClassIndicators
		SccProjectUniqueName36 = ..\\DLL\\TNS.AdExpressI.ProductClassIndicators.DAL\\TNS.AdExpressI.ProductClassIndicators.DAL.csproj
		SccProjectName36 = ../DLL/TNS.AdExpressI.ProductClassIndicators.DAL
		SccLocalPath36 = ..\\DLL\\TNS.AdExpressI.ProductClassIndicators.DAL
		SccProjectUniqueName37 = ..\\DLL\\TNS.AdExpressI.ProductClassIndicators.DAL.Default\\TNS.AdExpressI.ProductClassIndicators.DAL.Default.csproj
		SccProjectName37 = ../DLL/TNS.AdExpressI.ProductClassIndicators.DAL.Default
		SccLocalPath37 = ..\\DLL\\TNS.AdExpressI.ProductClassIndicators.DAL.Default
		SccProjectUniqueName38 = ..\\DLL\\TNS.AdExpressI.ProductClassIndicators.Default\\TNS.AdExpressI.ProductClassIndicators.Default.csproj
		SccProjectName38 = ../DLL/TNS.AdExpressI.ProductClassIndicators.Default
		SccLocalPath38 = ..\\DLL\\TNS.AdExpressI.ProductClassIndicators.Default
	EndGlobalSection
	GlobalSection(SolutionConfigurationPlatforms) = preSolution
		Debug [AdExpress]|Any CPU = Debug [AdExpress]|Any CPU
		Debug|Any CPU = Debug|Any CPU
		Release [AdExpress]|Any CPU = Release [AdExpress]|Any CPU
		Release|Any CPU = Release|Any CPU
	EndGlobalSection
	GlobalSection(ProjectConfigurationPlatforms) = postSolution
		{9422E4B4-765F-4008-B41E-67A9F27D3124}.Debug [AdExpress]|Any CPU.ActiveCfg = Debug|Any CPU
		{9422E4B4-765F-4008-B41E-67A9F27D3124}.Debug [AdExpress]|Any CPU.Build.0 = Debug|Any CPU
		{9422E4B4-765F-4008-B41E-67A9F27D3124}.Debug|Any CPU.ActiveCfg = Debug|Any CPU
		{9422E4B4-765F-4008-B41E-67A9F27D3124}.Debug|Any CPU.Build.0 = Debug|Any CPU
		{9422E4B4-765F-4008-B41E-67A9F27D3124}.Release [AdExpress]|Any CPU.ActiveCfg = Release|Any CPU
		{9422E4B4-765F-4008-B41E-67A9F27D3124}.Release [AdExpress]|Any CPU.Build.0 = Release|Any CPU
		{9422E4B4-765F-4008-B41E-67A9F27D3124}.Release|Any CPU.ActiveCfg = Release|Any CPU
		{9422E4B4-765F-4008-B41E-67A9F27D3124}.Release|Any CPU.Build.0 = Release|Any CPU
		{6E75699B-838C-4534-99F7-D4C3E768CD57}.Debug [AdExpress]|Any CPU.ActiveCfg = Debug|Any CPU
		{6E75699B-838C-4534-99F7-D4C3E768CD57}.Debug [AdExpress]|Any CPU.Build.0 = Debug|Any CPU
		{6E75699B-838C-4534-99F7-D4C3E768CD57}.Debug|Any CPU.ActiveCfg = Debug|Any CPU
		{6E75699B-838C-4534-99F7-D4C3E768CD57}.Debug|Any CPU.Build.0 = Debug|Any CPU
		{6E75699B-838C-4534-99F7-D4C3E768CD57}.Release [AdExpress]|Any CPU.ActiveCfg = Release|Any CPU
		{6E75699B-838C-4534-99F7-D4C3E768CD57}.Release [AdExpress]|Any CPU.Build.0 = Release|Any CPU
		{6E75699B-838C-4534-99F7-D4C3E768CD57}.Release|Any CPU.ActiveCfg = Release|Any CPU
		{6E75699B-838C-4534-99F7-D4C3E768CD57}.Release|Any CPU.Build.0 = Release|Any CPU
		{614B37CF-80A5-4252-AC63-F1811B073F5D}.Debug [AdExpress]|Any CPU.ActiveCfg = Debug|Any CPU
		{614B37CF-80A5-4252-AC63-F1811B073F5D}.Debug [AdExpress]|Any CPU.Build.0 = Debug|Any CPU
		{614B37CF-80A5-4252-AC63-F1811B073F5D}.Debug|Any CPU.ActiveCfg = Debug|Any CPU
		{614B37CF-80A5-4252-AC63-F1811B073F5D}.Debug|Any CPU.Build.0 = Debug|Any CPU
		{614B37CF-80A5-4252-AC63-F1811B073F5D}.Release [AdExpress]|Any CPU.ActiveCfg = Release|Any CPU
		{614B37CF-80A5-4252-AC63-F1811B073F5D}.Release [AdExpress]|Any CPU.Build.0 = Release|Any CPU
		{614B37CF-80A5-4252-AC63-F1811B073F5D}.Release|Any CPU.ActiveCfg = Release|Any CPU
		{614B37CF-80A5-4252-AC63-F1811B073F5D}.Release|Any CPU.Build.0 = Release|Any CPU
		{87716AC8-B9D2-432C-84F7-885A73B77141}.Debug [AdExpress]|Any CPU.ActiveCfg = Debug|Any CPU
		{87716AC8-B9D2-432C-84F7-885A73B77141}.Debug [AdExpress]|Any CPU.Build.0 = Debug|Any CPU
		{87716AC8-B9D2-432C-84F7-885A73B77141}.Debug|Any CPU.ActiveCfg = Debug|Any CPU
		{87716AC8-B9D2-432C-84F7-885A73B77141}.Debug|Any CPU.Build.0 = Debug|Any CPU
		{87716AC8-B9D2-432C-84F7-885A73B77141}.Release [AdExpress]|Any CPU.ActiveCfg = Release|Any CPU
		{87716AC8-B9D2-432C-84F7-885A73B77141}.Release [AdExpress]|Any CPU.Build.0 = Release|Any CPU
		{87716AC8-B9D2-432C-84F7-885A73B77141}.Release|Any CPU.ActiveCfg = Release|Any CPU
		{87716AC8-B9D2-432C-84F7-885A73B77141}.Release|Any CPU.Build.0 = Release|Any CPU
		{85908D78-32C1-4C1B-9E17-0D957B849DFA}.Debug [AdExpress]|Any CPU.ActiveCfg = Debug|Any CPU
		{85908D78-32C1-4C1B-9E17-0D957B849DFA}.Debug [AdExpress]|Any CPU.Build.0 = Debug|Any CPU
		{85908D78-32C1-4C1B-9E17-0D957B849DFA}.Debug|Any CPU.ActiveCfg = Debug|Any CPU
		{85908D78-32C1-4C1B-9E17-0D957B849DFA}.Debug|Any CPU.Build.0 = Debug|Any CPU
		{85908D78-32C1-4C1B-9E17-0D957B849DFA}.Release [AdExpress]|Any CPU.ActiveCfg = Release|Any CPU
		{85908D78-32C1-4C1B-9E17-0D957B849DFA}.Release [AdExpress]|Any CPU.Build.0 = Release|Any CPU
		{85908D78-32C1-4C1B-9E17-0D957B849DFA}.Release|Any CPU.ActiveCfg = Release|Any CPU
		{85908D78-32C1-4C1B-9E17-0D957B849DFA}.Release|Any CPU.Build.0 = Release|Any CPU
		{E25DBD07-256D-4078-A3C9-27153081629F}.Debug [AdExpress]|Any CPU.ActiveCfg = Debug|Any CPU
		{E25DBD07-256D-4078-A3C9-27153081629F}.Debug [AdExpress]|Any CPU.Build.0 = Debug|Any CPU
		{E25DBD07-256D-4078-A3C9-27153081629F}.Debug|Any CPU.ActiveCfg = Debug|Any CPU
		{E25DBD07-256D-4078-A3C9-27153081629F}.Debug|Any CPU.Build.0 = Debug|Any CPU
		{E25DBD07-256D-4078-A3C9-27153081629F}.Release [AdExpress]|Any CPU.ActiveCfg = Release|Any CPU
		{E25DBD07-256D-4078-A3C9-27153081629F}.Release [AdExpress]|Any CPU.Build.0 = Release|Any CPU
		{E25DBD07-256D-4078-A3C9-27153081629F}.Release|Any CPU.ActiveCfg = Release|Any CPU
		{E25DBD07-256D-4078-A3C9-27153081629F}.Release|Any CPU.Build.0 = Release|Any CPU
		{2370D3FD-15E0-4FA6-8535-2F16EB42FE93}.Debug [AdExpress]|Any CPU.ActiveCfg = Debug|Any CPU
		{2370D3FD-15E0-4FA6-8535-2F16EB42FE93}.Debug [AdExpress]|Any CPU.Build.0 = Debug|Any CPU
		{2370D3FD-15E0-4FA6-8535-2F16EB42FE93}.Debug|Any CPU.ActiveCfg = Debug|Any CPU
		{2370D3FD-15E0-4FA6-8535-2F16EB42FE93}.Debug|Any CPU.Build.0 = Debug|Any CPU
		{2370D3FD-15E0-4FA6-8535-2F16EB42FE93}.Release [AdExpress]|Any CPU.ActiveCfg = Release|Any CPU
		{2370D3FD-15E0-4FA6-8535-2F16EB42FE93}.Release [AdExpress]|Any CPU.Build.0 = Release|Any CPU
		{2370D3FD-15E0-4FA6-8535-2F16EB42FE93}.Release|Any CPU.ActiveCfg = Release|Any CPU
		{2370D3FD-15E0-4FA6-8535-2F16EB42FE93}.Release|Any CPU.Build.0 = Release|Any CPU
		{631C0A5E-19F9-4F90-B80C-03A4F59A8174}.Debug [AdExpress]|Any CPU.ActiveCfg = Debug|Any CPU
		{631C0A5E-19F9-4F90-B80C-03A4F59A8174}.Debug [AdExpress]|Any CPU.Build.0 = Debug|Any CPU
		{631C0A5E-19F9-4F90-B80C-03A4F59A8174}.Debug|Any CPU.ActiveCfg = Debug|Any CPU
		{631C0A5E-19F9-4F90-B80C-03A4F59A8174}.Debug|Any CPU.Build.0 = Debug|Any CPU
		{631C0A5E-19F9-4F90-B80C-03A4F59A8174}.Release [AdExpress]|Any CPU.ActiveCfg = Release|Any CPU
		{631C0A5E-19F9-4F90-B80C-03A4F59A8174}.Release [AdExpress]|Any CPU.Build.0 = Release|Any CPU
		{631C0A5E-19F9-4F90-B80C-03A4F59A8174}.Release|Any CPU.ActiveCfg = Release|Any CPU
		{631C0A5E-19F9-4F90-B80C-03A4F59A8174}.Release|Any CPU.Build.0 = Release|Any CPU
		{10E2F622-D153-497A-907D-C26B320FDBD9}.Debug [AdExpress]|Any CPU.ActiveCfg = Debug|Any CPU
		{10E2F622-D153-497A-907D-C26B320FDBD9}.Debug [AdExpress]|Any CPU.Build.0 = Debug|Any CPU
		{10E2F622-D153-497A-907D-C26B320FDBD9}.Debug|Any CPU.ActiveCfg = Debug|Any CPU
		{10E2F622-D153-497A-907D-C26B320FDBD9}.Debug|Any CPU.Build.0 = Debug|Any CPU
		{10E2F622-D153-497A-907D-C26B320FDBD9}.Release [AdExpress]|Any CPU.ActiveCfg = Release|Any CPU
		{10E2F622-D153-497A-907D-C26B320FDBD9}.Release [AdExpress]|Any CPU.Build.0 = Release|Any CPU
		{10E2F622-D153-497A-907D-C26B320FDBD9}.Release|Any CPU.ActiveCfg = Release|Any CPU
		{10E2F622-D153-497A-907D-C26B320FDBD9}.Release|Any CPU.Build.0 = Release|Any CPU
		{B4DF037E-C165-4018-A716-E5EBFBEE0120}.Debug [AdExpress]|Any CPU.ActiveCfg = Debug|Any CPU
		{B4DF037E-C165-4018-A716-E5EBFBEE0120}.Debug [AdExpress]|Any CPU.Build.0 = Debug|Any CPU
		{B4DF037E-C165-4018-A716-E5EBFBEE0120}.Debug|Any CPU.ActiveCfg = Debug|Any CPU
		{B4DF037E-C165-4018-A716-E5EBFBEE0120}.Debug|Any CPU.Build.0 = Debug|Any CPU
		{B4DF037E-C165-4018-A716-E5EBFBEE0120}.Release [AdExpress]|Any CPU.ActiveCfg = Release|Any CPU
		{B4DF037E-C165-4018-A716-E5EBFBEE0120}.Release [AdExpress]|Any CPU.Build.0 = Release|Any CPU
		{B4DF037E-C165-4018-A716-E5EBFBEE0120}.Release|Any CPU.ActiveCfg = Release|Any CPU
		{B4DF037E-C165-4018-A716-E5EBFBEE0120}.Release|Any CPU.Build.0 = Release|Any CPU
		{15D35C74-51FD-4533-8FF1-6C6064E6B963}.Debug [AdExpress]|Any CPU.ActiveCfg = Debug|Any CPU
		{15D35C74-51FD-4533-8FF1-6C6064E6B963}.Debug [AdExpress]|Any CPU.Build.0 = Debug|Any CPU
		{15D35C74-51FD-4533-8FF1-6C6064E6B963}.Debug|Any CPU.ActiveCfg = Debug|Any CPU
		{15D35C74-51FD-4533-8FF1-6C6064E6B963}.Debug|Any CPU.Build.0 = Debug|Any CPU
		{15D35C74-51FD-4533-8FF1-6C6064E6B963}.Release [AdExpress]|Any CPU.ActiveCfg = Release|Any CPU
		{15D35C74-51FD-4533-8FF1-6C6064E6B963}.Release [AdExpress]|Any CPU.Build.0 = Release|Any CPU
		{15D35C74-51FD-4533-8FF1-6C6064E6B963}.Release|Any CPU.ActiveCfg = Release|Any CPU
		{15D35C74-51FD-4533-8FF1-6C6064E6B963}.Release|Any CPU.Build.0 = Release|Any CPU
		{789382E6-1D15-43BA-94C9-AB4252A522EB}.Debug [AdExpress]|Any CPU.ActiveCfg = Debug|Any CPU
		{789382E6-1D15-43BA-94C9-AB4252A522EB}.Debug [AdExpress]|Any CPU.Build.0 = Debug|Any CPU
		{789382E6-1D15-43BA-94C9-AB4252A522EB}.Debug|Any CPU.ActiveCfg = Debug|Any CPU
		{789382E6-1D15-43BA-94C9-AB4252A522EB}.Debug|Any CPU.Build.0 = Debug|Any CPU
		{789382E6-1D15-43BA-94C9-AB4252A522EB}.Release [AdExpress]|Any CPU.ActiveCfg = Release|Any CPU
		{789382E6-1D15-43BA-94C9-AB4252A522EB}.Release [AdExpress]|Any CPU.Build.0 = Release|Any CPU
		{789382E6-1D15-43BA-94C9-AB4252A522EB}.Release|Any CPU.ActiveCfg = Release|Any CPU
		{789382E6-1D15-43BA-94C9-AB4252A522EB}.Release|Any CPU.Build.0 = Release|Any CPU
		{6E96FEF2-DB51-495F-B669-FD34180F33DF}.Debug [AdExpress]|Any CPU.ActiveCfg = Debug|Any CPU
		{6E96FEF2-DB51-495F-B669-FD34180F33DF}.Debug [AdExpress]|Any CPU.Build.0 = Debug|Any CPU
		{6E96FEF2-DB51-495F-B669-FD34180F33DF}.Debug|Any CPU.ActiveCfg = Debug|Any CPU
		{6E96FEF2-DB51-495F-B669-FD34180F33DF}.Debug|Any CPU.Build.0 = Debug|Any CPU
		{6E96FEF2-DB51-495F-B669-FD34180F33DF}.Release [AdExpress]|Any CPU.ActiveCfg = Release|Any CPU
		{6E96FEF2-DB51-495F-B669-FD34180F33DF}.Release [AdExpress]|Any CPU.Build.0 = Release|Any CPU
		{6E96FEF2-DB51-495F-B669-FD34180F33DF}.Release|Any CPU.ActiveCfg = Release|Any CPU
		{6E96FEF2-DB51-495F-B669-FD34180F33DF}.Release|Any CPU.Build.0 = Release|Any CPU
		{CD735B8C-C50F-4E93-A8FA-B70C421B8A35}.Debug [AdExpress]|Any CPU.ActiveCfg = Debug|Any CPU
		{CD735B8C-C50F-4E93-A8FA-B70C421B8A35}.Debug [AdExpress]|Any CPU.Build.0 = Debug|Any CPU
		{CD735B8C-C50F-4E93-A8FA-B70C421B8A35}.Debug|Any CPU.ActiveCfg = Debug|Any CPU
		{CD735B8C-C50F-4E93-A8FA-B70C421B8A35}.Debug|Any CPU.Build.0 = Debug|Any CPU
		{CD735B8C-C50F-4E93-A8FA-B70C421B8A35}.Release [AdExpress]|Any CPU.ActiveCfg = Release|Any CPU
		{CD735B8C-C50F-4E93-A8FA-B70C421B8A35}.Release [AdExpress]|Any CPU.Build.0 = Release|Any CPU
		{CD735B8C-C50F-4E93-A8FA-B70C421B8A35}.Release|Any CPU.ActiveCfg = Release|Any CPU
		{CD735B8C-C50F-4E93-A8FA-B70C421B8A35}.Release|Any CPU.Build.0 = Release|Any CPU
		{CAC9AD4B-7AB0-4F48-A3C6-1F8B552673D4}.Debug [AdExpress]|Any CPU.ActiveCfg = Debug|Any CPU
		{CAC9AD4B-7AB0-4F48-A3C6-1F8B552673D4}.Debug [AdExpress]|Any CPU.Build.0 = Debug|Any CPU
		{CAC9AD4B-7AB0-4F48-A3C6-1F8B552673D4}.Debug|Any CPU.ActiveCfg = Debug|Any CPU
		{CAC9AD4B-7AB0-4F48-A3C6-1F8B552673D4}.Debug|Any CPU.Build.0 = Debug|Any CPU
		{CAC9AD4B-7AB0-4F48-A3C6-1F8B552673D4}.Release [AdExpress]|Any CPU.ActiveCfg = Release|Any CPU
		{CAC9AD4B-7AB0-4F48-A3C6-1F8B552673D4}.Release [AdExpress]|Any CPU.Build.0 = Release|Any CPU
		{CAC9AD4B-7AB0-4F48-A3C6-1F8B552673D4}.Release|Any CPU.ActiveCfg = Release|Any CPU
		{CAC9AD4B-7AB0-4F48-A3C6-1F8B552673D4}.Release|Any CPU.Build.0 = Release|Any CPU
		{092C3F2B-3026-4BE3-AA8E-01F11E0B5173}.Debug [AdExpress]|Any CPU.ActiveCfg = Debug|Any CPU
		{092C3F2B-3026-4BE3-AA8E-01F11E0B5173}.Debug [AdExpress]|Any CPU.Build.0 = Debug|Any CPU
		{092C3F2B-3026-4BE3-AA8E-01F11E0B5173}.Debug|Any CPU.ActiveCfg = Debug|Any CPU
		{092C3F2B-3026-4BE3-AA8E-01F11E0B5173}.Debug|Any CPU.Build.0 = Debug|Any CPU
		{092C3F2B-3026-4BE3-AA8E-01F11E0B5173}.Release [AdExpress]|Any CPU.ActiveCfg = Release|Any CPU
		{092C3F2B-3026-4BE3-AA8E-01F11E0B5173}.Release [AdExpress]|Any CPU.Build.0 = Release|Any CPU
		{092C3F2B-3026-4BE3-AA8E-01F11E0B5173}.Release|Any CPU.ActiveCfg = Release|Any CPU
		{092C3F2B-3026-4BE3-AA8E-01F11E0B5173}.Release|Any CPU.Build.0 = Release|Any CPU
		{8723463B-7215-4F70-9B47-B6F84BFFC13C}.Debug [AdExpress]|Any CPU.ActiveCfg = Debug|Any CPU
		{8723463B-7215-4F70-9B47-B6F84BFFC13C}.Debug [AdExpress]|Any CPU.Build.0 = Debug|Any CPU
		{8723463B-7215-4F70-9B47-B6F84BFFC13C}.Debug|Any CPU.ActiveCfg = Debug|Any CPU
		{8723463B-7215-4F70-9B47-B6F84BFFC13C}.Debug|Any CPU.Build.0 = Debug|Any CPU
		{8723463B-7215-4F70-9B47-B6F84BFFC13C}.Release [AdExpress]|Any CPU.ActiveCfg = Release|Any CPU
		{8723463B-7215-4F70-9B47-B6F84BFFC13C}.Release [AdExpress]|Any CPU.Build.0 = Release|Any CPU
		{8723463B-7215-4F70-9B47-B6F84BFFC13C}.Release|Any CPU.ActiveCfg = Release|Any CPU
		{8723463B-7215-4F70-9B47-B6F84BFFC13C}.Release|Any CPU.Build.0 = Release|Any CPU
		{351CB38F-7054-4438-8793-13E264063F17}.Debug [AdExpress]|Any CPU.ActiveCfg = Debug|Any CPU
		{351CB38F-7054-4438-8793-13E264063F17}.Debug [AdExpress]|Any CPU.Build.0 = Debug|Any CPU
		{351CB38F-7054-4438-8793-13E264063F17}.Debug|Any CPU.ActiveCfg = Debug|Any CPU
		{351CB38F-7054-4438-8793-13E264063F17}.Debug|Any CPU.Build.0 = Debug|Any CPU
		{351CB38F-7054-4438-8793-13E264063F17}.Release [AdExpress]|Any CPU.ActiveCfg = Release|Any CPU
		{351CB38F-7054-4438-8793-13E264063F17}.Release [AdExpress]|Any CPU.Build.0 = Release|Any CPU
		{351CB38F-7054-4438-8793-13E264063F17}.Release|Any CPU.ActiveCfg = Release|Any CPU
		{351CB38F-7054-4438-8793-13E264063F17}.Release|Any CPU.Build.0 = Release|Any CPU
		{D622B998-DC44-438B-BDD3-F27074A1FE75}.Debug [AdExpress]|Any CPU.ActiveCfg = Debug|Any CPU
		{D622B998-DC44-438B-BDD3-F27074A1FE75}.Debug [AdExpress]|Any CPU.Build.0 = Debug|Any CPU
		{D622B998-DC44-438B-BDD3-F27074A1FE75}.Debug|Any CPU.ActiveCfg = Debug|Any CPU
		{D622B998-DC44-438B-BDD3-F27074A1FE75}.Debug|Any CPU.Build.0 = Debug|Any CPU
		{D622B998-DC44-438B-BDD3-F27074A1FE75}.Release [AdExpress]|Any CPU.ActiveCfg = Release|Any CPU
		{D622B998-DC44-438B-BDD3-F27074A1FE75}.Release [AdExpress]|Any CPU.Build.0 = Release|Any CPU
		{D622B998-DC44-438B-BDD3-F27074A1FE75}.Release|Any CPU.ActiveCfg = Release|Any CPU
		{D622B998-DC44-438B-BDD3-F27074A1FE75}.Release|Any CPU.Build.0 = Release|Any CPU
		{B7917C3F-0F39-46B4-8E28-D036ACBFE233}.Debug [AdExpress]|Any CPU.ActiveCfg = Debug|Any CPU
		{B7917C3F-0F39-46B4-8E28-D036ACBFE233}.Debug [AdExpress]|Any CPU.Build.0 = Debug|Any CPU
		{B7917C3F-0F39-46B4-8E28-D036ACBFE233}.Debug|Any CPU.ActiveCfg = Debug|Any CPU
		{B7917C3F-0F39-46B4-8E28-D036ACBFE233}.Debug|Any CPU.Build.0 = Debug|Any CPU
		{B7917C3F-0F39-46B4-8E28-D036ACBFE233}.Release [AdExpress]|Any CPU.ActiveCfg = Release|Any CPU
		{B7917C3F-0F39-46B4-8E28-D036ACBFE233}.Release [AdExpress]|Any CPU.Build.0 = Release|Any CPU
		{B7917C3F-0F39-46B4-8E28-D036ACBFE233}.Release|Any CPU.ActiveCfg = Release|Any CPU
		{B7917C3F-0F39-46B4-8E28-D036ACBFE233}.Release|Any CPU.Build.0 = Release|Any CPU
		{DE3960EC-5D01-4C00-8FBD-F0C91A3009D9}.Debug [AdExpress]|Any CPU.ActiveCfg = Debug|Any CPU
		{DE3960EC-5D01-4C00-8FBD-F0C91A3009D9}.Debug [AdExpress]|Any CPU.Build.0 = Debug|Any CPU
		{DE3960EC-5D01-4C00-8FBD-F0C91A3009D9}.Debug|Any CPU.ActiveCfg = Debug|Any CPU
		{DE3960EC-5D01-4C00-8FBD-F0C91A3009D9}.Debug|Any CPU.Build.0 = Debug|Any CPU
		{DE3960EC-5D01-4C00-8FBD-F0C91A3009D9}.Release [AdExpress]|Any CPU.ActiveCfg = Release|Any CPU
		{DE3960EC-5D01-4C00-8FBD-F0C91A3009D9}.Release [AdExpress]|Any CPU.Build.0 = Release|Any CPU
		{DE3960EC-5D01-4C00-8FBD-F0C91A3009D9}.Release|Any CPU.ActiveCfg = Release|Any CPU
		{DE3960EC-5D01-4C00-8FBD-F0C91A3009D9}.Release|Any CPU.Build.0 = Release|Any CPU
		{A4DEDE88-C99E-495F-98F2-E2762520F4BE}.Debug [AdExpress]|Any CPU.ActiveCfg = Debug|Any CPU
		{A4DEDE88-C99E-495F-98F2-E2762520F4BE}.Debug [AdExpress]|Any CPU.Build.0 = Debug|Any CPU
		{A4DEDE88-C99E-495F-98F2-E2762520F4BE}.Debug|Any CPU.ActiveCfg = Debug|Any CPU
		{A4DEDE88-C99E-495F-98F2-E2762520F4BE}.Debug|Any CPU.Build.0 = Debug|Any CPU
		{A4DEDE88-C99E-495F-98F2-E2762520F4BE}.Release [AdExpress]|Any CPU.ActiveCfg = Release|Any CPU
		{A4DEDE88-C99E-495F-98F2-E2762520F4BE}.Release [AdExpress]|Any CPU.Build.0 = Release|Any CPU
		{A4DEDE88-C99E-495F-98F2-E2762520F4BE}.Release|Any CPU.ActiveCfg = Release|Any CPU
		{A4DEDE88-C99E-495F-98F2-E2762520F4BE}.Release|Any CPU.Build.0 = Release|Any CPU
		{0AD4151F-074C-4C7D-9FFC-6DE8D186626A}.Debug [AdExpress]|Any CPU.ActiveCfg = Debug|Any CPU
		{0AD4151F-074C-4C7D-9FFC-6DE8D186626A}.Debug [AdExpress]|Any CPU.Build.0 = Debug|Any CPU
		{0AD4151F-074C-4C7D-9FFC-6DE8D186626A}.Debug|Any CPU.ActiveCfg = Debug|Any CPU
		{0AD4151F-074C-4C7D-9FFC-6DE8D186626A}.Debug|Any CPU.Build.0 = Debug|Any CPU
		{0AD4151F-074C-4C7D-9FFC-6DE8D186626A}.Release [AdExpress]|Any CPU.ActiveCfg = Release|Any CPU
		{0AD4151F-074C-4C7D-9FFC-6DE8D186626A}.Release [AdExpress]|Any CPU.Build.0 = Release|Any CPU
		{0AD4151F-074C-4C7D-9FFC-6DE8D186626A}.Release|Any CPU.ActiveCfg = Release|Any CPU
		{0AD4151F-074C-4C7D-9FFC-6DE8D186626A}.Release|Any CPU.Build.0 = Release|Any CPU
		{E1A418FC-6512-46D5-99CF-374682F0C792}.Debug [AdExpress]|Any CPU.ActiveCfg = Debug|Any CPU
		{E1A418FC-6512-46D5-99CF-374682F0C792}.Debug [AdExpress]|Any CPU.Build.0 = Debug|Any CPU
		{E1A418FC-6512-46D5-99CF-374682F0C792}.Debug|Any CPU.ActiveCfg = Debug|Any CPU
		{E1A418FC-6512-46D5-99CF-374682F0C792}.Debug|Any CPU.Build.0 = Debug|Any CPU
		{E1A418FC-6512-46D5-99CF-374682F0C792}.Release [AdExpress]|Any CPU.ActiveCfg = Release|Any CPU
		{E1A418FC-6512-46D5-99CF-374682F0C792}.Release [AdExpress]|Any CPU.Build.0 = Release|Any CPU
		{E1A418FC-6512-46D5-99CF-374682F0C792}.Release|Any CPU.ActiveCfg = Release|Any CPU
		{E1A418FC-6512-46D5-99CF-374682F0C792}.Release|Any CPU.Build.0 = Release|Any CPU
		{446AA1FA-2CE3-49D1-99CC-6EBAECCDA911}.Debug [AdExpress]|Any CPU.ActiveCfg = Debug|Any CPU
		{446AA1FA-2CE3-49D1-99CC-6EBAECCDA911}.Debug [AdExpress]|Any CPU.Build.0 = Debug|Any CPU
		{446AA1FA-2CE3-49D1-99CC-6EBAECCDA911}.Debug|Any CPU.ActiveCfg = Debug|Any CPU
		{446AA1FA-2CE3-49D1-99CC-6EBAECCDA911}.Debug|Any CPU.Build.0 = Debug|Any CPU
		{446AA1FA-2CE3-49D1-99CC-6EBAECCDA911}.Release [AdExpress]|Any CPU.ActiveCfg = Release|Any CPU
		{446AA1FA-2CE3-49D1-99CC-6EBAECCDA911}.Release [AdExpress]|Any CPU.Build.0 = Release|Any CPU
		{446AA1FA-2CE3-49D1-99CC-6EBAECCDA911}.Release|Any CPU.ActiveCfg = Release|Any CPU
		{446AA1FA-2CE3-49D1-99CC-6EBAECCDA911}.Release|Any CPU.Build.0 = Release|Any CPU
		{DEA1A6A0-32D0-4624-B216-A95B13070078}.Debug [AdExpress]|Any CPU.ActiveCfg = Debug|Any CPU
		{DEA1A6A0-32D0-4624-B216-A95B13070078}.Debug [AdExpress]|Any CPU.Build.0 = Debug|Any CPU
		{DEA1A6A0-32D0-4624-B216-A95B13070078}.Debug|Any CPU.ActiveCfg = Debug|Any CPU
		{DEA1A6A0-32D0-4624-B216-A95B13070078}.Debug|Any CPU.Build.0 = Debug|Any CPU
		{DEA1A6A0-32D0-4624-B216-A95B13070078}.Release [AdExpress]|Any CPU.ActiveCfg = Release|Any CPU
		{DEA1A6A0-32D0-4624-B216-A95B13070078}.Release [AdExpress]|Any CPU.Build.0 = Release|Any CPU
		{DEA1A6A0-32D0-4624-B216-A95B13070078}.Release|Any CPU.ActiveCfg = Release|Any CPU
		{DEA1A6A0-32D0-4624-B216-A95B13070078}.Release|Any CPU.Build.0 = Release|Any CPU
		{04D00ADF-5026-4790-9D76-8B9F6F0B6F47}.Debug [AdExpress]|Any CPU.ActiveCfg = Debug|Any CPU
		{04D00ADF-5026-4790-9D76-8B9F6F0B6F47}.Debug [AdExpress]|Any CPU.Build.0 = Debug|Any CPU
		{04D00ADF-5026-4790-9D76-8B9F6F0B6F47}.Debug|Any CPU.ActiveCfg = Debug|Any CPU
		{04D00ADF-5026-4790-9D76-8B9F6F0B6F47}.Debug|Any CPU.Build.0 = Debug|Any CPU
		{04D00ADF-5026-4790-9D76-8B9F6F0B6F47}.Release [AdExpress]|Any CPU.ActiveCfg = Release|Any CPU
		{04D00ADF-5026-4790-9D76-8B9F6F0B6F47}.Release [AdExpress]|Any CPU.Build.0 = Release|Any CPU
		{04D00ADF-5026-4790-9D76-8B9F6F0B6F47}.Release|Any CPU.ActiveCfg = Release|Any CPU
		{04D00ADF-5026-4790-9D76-8B9F6F0B6F47}.Release|Any CPU.Build.0 = Release|Any CPU
		{23E7E071-0FB0-43D4-B19D-B964EC3082F6}.Debug [AdExpress]|Any CPU.ActiveCfg = Debug|Any CPU
		{23E7E071-0FB0-43D4-B19D-B964EC3082F6}.Debug [AdExpress]|Any CPU.Build.0 = Debug|Any CPU
		{23E7E071-0FB0-43D4-B19D-B964EC3082F6}.Debug|Any CPU.ActiveCfg = Debug|Any CPU
		{23E7E071-0FB0-43D4-B19D-B964EC3082F6}.Debug|Any CPU.Build.0 = Debug|Any CPU
		{23E7E071-0FB0-43D4-B19D-B964EC3082F6}.Release [AdExpress]|Any CPU.ActiveCfg = Release|Any CPU
		{23E7E071-0FB0-43D4-B19D-B964EC3082F6}.Release [AdExpress]|Any CPU.Build.0 = Release|Any CPU
		{23E7E071-0FB0-43D4-B19D-B964EC3082F6}.Release|Any CPU.ActiveCfg = Release|Any CPU
		{23E7E071-0FB0-43D4-B19D-B964EC3082F6}.Release|Any CPU.Build.0 = Release|Any CPU
		{DF4CE6AB-ED48-4758-AE27-C7AB587B0B19}.Debug [AdExpress]|Any CPU.ActiveCfg = Debug|Any CPU
		{DF4CE6AB-ED48-4758-AE27-C7AB587B0B19}.Debug [AdExpress]|Any CPU.Build.0 = Debug|Any CPU
		{DF4CE6AB-ED48-4758-AE27-C7AB587B0B19}.Debug|Any CPU.ActiveCfg = Debug|Any CPU
		{DF4CE6AB-ED48-4758-AE27-C7AB587B0B19}.Debug|Any CPU.Build.0 = Debug|Any CPU
		{DF4CE6AB-ED48-4758-AE27-C7AB587B0B19}.Release [AdExpress]|Any CPU.ActiveCfg = Release|Any CPU
		{DF4CE6AB-ED48-4758-AE27-C7AB587B0B19}.Release [AdExpress]|Any CPU.Build.0 = Release|Any CPU
		{DF4CE6AB-ED48-4758-AE27-C7AB587B0B19}.Release|Any CPU.ActiveCfg = Release|Any CPU
		{DF4CE6AB-ED48-4758-AE27-C7AB587B0B19}.Release|Any CPU.Build.0 = Release|Any CPU
		{B29F06C7-452A-4754-A988-060F8EE0FCF6}.Debug [AdExpress]|Any CPU.ActiveCfg = Debug|Any CPU
		{B29F06C7-452A-4754-A988-060F8EE0FCF6}.Debug [AdExpress]|Any CPU.Build.0 = Debug|Any CPU
		{B29F06C7-452A-4754-A988-060F8EE0FCF6}.Debug|Any CPU.ActiveCfg = Debug|Any CPU
		{B29F06C7-452A-4754-A988-060F8EE0FCF6}.Debug|Any CPU.Build.0 = Debug|Any CPU
		{B29F06C7-452A-4754-A988-060F8EE0FCF6}.Release [AdExpress]|Any CPU.ActiveCfg = Release|Any CPU
		{B29F06C7-452A-4754-A988-060F8EE0FCF6}.Release [AdExpress]|Any CPU.Build.0 = Release|Any CPU
		{B29F06C7-452A-4754-A988-060F8EE0FCF6}.Release|Any CPU.ActiveCfg = Release|Any CPU
		{B29F06C7-452A-4754-A988-060F8EE0FCF6}.Release|Any CPU.Build.0 = Release|Any CPU
		{8368962F-842E-481B-9C86-5E5609ABCCC9}.Debug [AdExpress]|Any CPU.ActiveCfg = Debug|Any CPU
		{8368962F-842E-481B-9C86-5E5609ABCCC9}.Debug [AdExpress]|Any CPU.Build.0 = Debug|Any CPU
		{8368962F-842E-481B-9C86-5E5609ABCCC9}.Debug|Any CPU.ActiveCfg = Debug|Any CPU
		{8368962F-842E-481B-9C86-5E5609ABCCC9}.Debug|Any CPU.Build.0 = Debug|Any CPU
		{8368962F-842E-481B-9C86-5E5609ABCCC9}.Release [AdExpress]|Any CPU.ActiveCfg = Release|Any CPU
		{8368962F-842E-481B-9C86-5E5609ABCCC9}.Release [AdExpress]|Any CPU.Build.0 = Release|Any CPU
		{8368962F-842E-481B-9C86-5E5609ABCCC9}.Release|Any CPU.ActiveCfg = Release|Any CPU
		{8368962F-842E-481B-9C86-5E5609ABCCC9}.Release|Any CPU.Build.0 = Release|Any CPU
		{86FBED0B-CD32-4A72-BDB8-D323558AC6DF}.Debug [AdExpress]|Any CPU.ActiveCfg = Debug|Any CPU
		{86FBED0B-CD32-4A72-BDB8-D323558AC6DF}.Debug [AdExpress]|Any CPU.Build.0 = Debug|Any CPU
		{86FBED0B-CD32-4A72-BDB8-D323558AC6DF}.Debug|Any CPU.ActiveCfg = Debug|Any CPU
		{86FBED0B-CD32-4A72-BDB8-D323558AC6DF}.Debug|Any CPU.Build.0 = Debug|Any CPU
		{86FBED0B-CD32-4A72-BDB8-D323558AC6DF}.Release [AdExpress]|Any CPU.ActiveCfg = Release|Any CPU
		{86FBED0B-CD32-4A72-BDB8-D323558AC6DF}.Release [AdExpress]|Any CPU.Build.0 = Release|Any CPU
		{86FBED0B-CD32-4A72-BDB8-D323558AC6DF}.Release|Any CPU.ActiveCfg = Release|Any CPU
		{86FBED0B-CD32-4A72-BDB8-D323558AC6DF}.Release|Any CPU.Build.0 = Release|Any CPU
		{39325692-D25F-400C-8E46-080BCB3B3524}.Debug [AdExpress]|Any CPU.ActiveCfg = Debug|Any CPU
		{39325692-D25F-400C-8E46-080BCB3B3524}.Debug [AdExpress]|Any CPU.Build.0 = Debug|Any CPU
		{39325692-D25F-400C-8E46-080BCB3B3524}.Debug|Any CPU.ActiveCfg = Debug|Any CPU
		{39325692-D25F-400C-8E46-080BCB3B3524}.Debug|Any CPU.Build.0 = Debug|Any CPU
		{39325692-D25F-400C-8E46-080BCB3B3524}.Release [AdExpress]|Any CPU.ActiveCfg = Release|Any CPU
		{39325692-D25F-400C-8E46-080BCB3B3524}.Release [AdExpress]|Any CPU.Build.0 = Release|Any CPU
		{39325692-D25F-400C-8E46-080BCB3B3524}.Release|Any CPU.ActiveCfg = Release|Any CPU
		{39325692-D25F-400C-8E46-080BCB3B3524}.Release|Any CPU.Build.0 = Release|Any CPU
		{218C0E5B-6602-4E4E-B469-1D8479223288}.Debug [AdExpress]|Any CPU.ActiveCfg = Debug|Any CPU
		{218C0E5B-6602-4E4E-B469-1D8479223288}.Debug [AdExpress]|Any CPU.Build.0 = Debug|Any CPU
		{218C0E5B-6602-4E4E-B469-1D8479223288}.Debug|Any CPU.ActiveCfg = Debug|Any CPU
		{218C0E5B-6602-4E4E-B469-1D8479223288}.Debug|Any CPU.Build.0 = Debug|Any CPU
		{218C0E5B-6602-4E4E-B469-1D8479223288}.Release [AdExpress]|Any CPU.ActiveCfg = Release|Any CPU
		{218C0E5B-6602-4E4E-B469-1D8479223288}.Release [AdExpress]|Any CPU.Build.0 = Release|Any CPU
		{218C0E5B-6602-4E4E-B469-1D8479223288}.Release|Any CPU.ActiveCfg = Release|Any CPU
		{218C0E5B-6602-4E4E-B469-1D8479223288}.Release|Any CPU.Build.0 = Release|Any CPU
		{F0E136B5-AA9D-468D-BAE4-3599B11D854F}.Debug [AdExpress]|Any CPU.ActiveCfg = Debug|Any CPU
		{F0E136B5-AA9D-468D-BAE4-3599B11D854F}.Debug [AdExpress]|Any CPU.Build.0 = Debug|Any CPU
		{F0E136B5-AA9D-468D-BAE4-3599B11D854F}.Debug|Any CPU.ActiveCfg = Debug|Any CPU
		{F0E136B5-AA9D-468D-BAE4-3599B11D854F}.Debug|Any CPU.Build.0 = Debug|Any CPU
		{F0E136B5-AA9D-468D-BAE4-3599B11D854F}.Release [AdExpress]|Any CPU.ActiveCfg = Release|Any CPU
		{F0E136B5-AA9D-468D-BAE4-3599B11D854F}.Release [AdExpress]|Any CPU.Build.0 = Release|Any CPU
		{F0E136B5-AA9D-468D-BAE4-3599B11D854F}.Release|Any CPU.ActiveCfg = Release|Any CPU
		{F0E136B5-AA9D-468D-BAE4-3599B11D854F}.Release|Any CPU.Build.0 = Release|Any CPU
		{3CA92134-6C33-4A42-A3C9-1F7D3F36AC42}.Debug [AdExpress]|Any CPU.ActiveCfg = Debug|Any CPU
		{3CA92134-6C33-4A42-A3C9-1F7D3F36AC42}.Debug [AdExpress]|Any CPU.Build.0 = Debug|Any CPU
		{3CA92134-6C33-4A42-A3C9-1F7D3F36AC42}.Debug|Any CPU.ActiveCfg = Debug|Any CPU
		{3CA92134-6C33-4A42-A3C9-1F7D3F36AC42}.Debug|Any CPU.Build.0 = Debug|Any CPU
		{3CA92134-6C33-4A42-A3C9-1F7D3F36AC42}.Release [AdExpress]|Any CPU.ActiveCfg = Release|Any CPU
		{3CA92134-6C33-4A42-A3C9-1F7D3F36AC42}.Release [AdExpress]|Any CPU.Build.0 = Release|Any CPU
		{3CA92134-6C33-4A42-A3C9-1F7D3F36AC42}.Release|Any CPU.ActiveCfg = Release|Any CPU
		{3CA92134-6C33-4A42-A3C9-1F7D3F36AC42}.Release|Any CPU.Build.0 = Release|Any CPU
		{F57A3E4F-A152-4815-AF94-DC94A885FC52}.Debug [AdExpress]|Any CPU.ActiveCfg = Debug|Any CPU
		{F57A3E4F-A152-4815-AF94-DC94A885FC52}.Debug [AdExpress]|Any CPU.Build.0 = Debug|Any CPU
		{F57A3E4F-A152-4815-AF94-DC94A885FC52}.Debug|Any CPU.ActiveCfg = Debug|Any CPU
		{F57A3E4F-A152-4815-AF94-DC94A885FC52}.Debug|Any CPU.Build.0 = Debug|Any CPU
		{F57A3E4F-A152-4815-AF94-DC94A885FC52}.Release [AdExpress]|Any CPU.ActiveCfg = Release|Any CPU
		{F57A3E4F-A152-4815-AF94-DC94A885FC52}.Release [AdExpress]|Any CPU.Build.0 = Release|Any CPU
		{F57A3E4F-A152-4815-AF94-DC94A885FC52}.Release|Any CPU.ActiveCfg = Release|Any CPU
		{F57A3E4F-A152-4815-AF94-DC94A885FC52}.Release|Any CPU.Build.0 = Release|Any CPU
		{8EFDFB61-D41D-42C3-A887-898CAB250258}.Debug [AdExpress]|Any CPU.ActiveCfg = Debug|Any CPU
		{8EFDFB61-D41D-42C3-A887-898CAB250258}.Debug [AdExpress]|Any CPU.Build.0 = Debug|Any CPU
		{8EFDFB61-D41D-42C3-A887-898CAB250258}.Debug|Any CPU.ActiveCfg = Debug|Any CPU
		{8EFDFB61-D41D-42C3-A887-898CAB250258}.Debug|Any CPU.Build.0 = Debug|Any CPU
		{8EFDFB61-D41D-42C3-A887-898CAB250258}.Release [AdExpress]|Any CPU.ActiveCfg = Release|Any CPU
		{8EFDFB61-D41D-42C3-A887-898CAB250258}.Release [AdExpress]|Any CPU.Build.0 = Release|Any CPU
		{8EFDFB61-D41D-42C3-A887-898CAB250258}.Release|Any CPU.ActiveCfg = Release|Any CPU
		{8EFDFB61-D41D-42C3-A887-898CAB250258}.Release|Any CPU.Build.0 = Release|Any CPU
	EndGlobalSection
	GlobalSection(SolutionProperties) = preSolution
		HideSolutionNode = FALSE
	EndGlobalSection
	GlobalSection(TextTemplating) = postSolution
		TextTemplating = 1
	EndGlobalSection
EndGlobal
