
Microsoft Visual Studio Solution File, Format Version 12.00
# Visual Studio 14
VisualStudioVersion = 14.0.24720.0
MinimumVisualStudioVersion = 10.0.40219.1
Project("{FAE04EC0-301F-11D3-BF4B-00C04F79EFBC}") = "Facebook.Service.Core", "src\Facebook.Service.Core\Facebook.Service.Core.csproj", "{67956DD1-7C2C-426C-9E2F-FEB741B5AF69}"
EndProject
Project("{FAE04EC0-301F-11D3-BF4B-00C04F79EFBC}") = "Facebook.Service.BusinessLogic", "src\Facebook.Service.BusinessLogic\Facebook.Service.BusinessLogic.csproj", "{16C95E5D-E594-4E78-82E5-17666E958B14}"
EndProject
Project("{2150E333-8FDC-42A3-9474-1A3956D46DE8}") = "ServiceImplementation", "ServiceImplementation", "{BF06E0BB-1210-4A07-BF50-07EEF5382DB4}"
EndProject
Project("{FAE04EC0-301F-11D3-BF4B-00C04F79EFBC}") = "Facebook.Service.Contract", "src\Facebook.Service.Contract\Facebook.Service.Contract.csproj", "{B16CB8F5-F524-4784-B339-EA711860895E}"
EndProject
Project("{2150E333-8FDC-42A3-9474-1A3956D46DE8}") = "Client", "Client", "{618DD225-ACFD-432B-BB71-7E7551B07720}"
EndProject
Project("{FAE04EC0-301F-11D3-BF4B-00C04F79EFBC}") = "ClientApi", "src\ClientApi\ClientApi.csproj", "{1C4CD6A7-E2F0-4F3C-BB81-3536E784771D}"
EndProject
Project("{FAE04EC0-301F-11D3-BF4B-00C04F79EFBC}") = "Facebook.DataAccess", "src\Facebook.DataAccess\Facebook.DataAccess.csproj", "{4F513F8F-F2FB-4C42-9785-6F8086E262A2}"
EndProject
Project("{FAE04EC0-301F-11D3-BF4B-00C04F79EFBC}") = "Facebook.Test", "src\Facebook.Test\Facebook.Test.csproj", "{0833BFE1-7C23-4F38-BF8D-B836C358FBF3}"
EndProject
Global
	GlobalSection(SolutionConfigurationPlatforms) = preSolution
		Debug|Any CPU = Debug|Any CPU
		Release|Any CPU = Release|Any CPU
	EndGlobalSection
	GlobalSection(ProjectConfigurationPlatforms) = postSolution
		{67956DD1-7C2C-426C-9E2F-FEB741B5AF69}.Debug|Any CPU.ActiveCfg = Debug|Any CPU
		{67956DD1-7C2C-426C-9E2F-FEB741B5AF69}.Debug|Any CPU.Build.0 = Debug|Any CPU
		{67956DD1-7C2C-426C-9E2F-FEB741B5AF69}.Release|Any CPU.ActiveCfg = Release|Any CPU
		{67956DD1-7C2C-426C-9E2F-FEB741B5AF69}.Release|Any CPU.Build.0 = Release|Any CPU
		{16C95E5D-E594-4E78-82E5-17666E958B14}.Debug|Any CPU.ActiveCfg = Debug|Any CPU
		{16C95E5D-E594-4E78-82E5-17666E958B14}.Debug|Any CPU.Build.0 = Debug|Any CPU
		{16C95E5D-E594-4E78-82E5-17666E958B14}.Release|Any CPU.ActiveCfg = Release|Any CPU
		{16C95E5D-E594-4E78-82E5-17666E958B14}.Release|Any CPU.Build.0 = Release|Any CPU
		{B16CB8F5-F524-4784-B339-EA711860895E}.Debug|Any CPU.ActiveCfg = Debug|Any CPU
		{B16CB8F5-F524-4784-B339-EA711860895E}.Debug|Any CPU.Build.0 = Debug|Any CPU
		{B16CB8F5-F524-4784-B339-EA711860895E}.Release|Any CPU.ActiveCfg = Release|Any CPU
		{B16CB8F5-F524-4784-B339-EA711860895E}.Release|Any CPU.Build.0 = Release|Any CPU
		{1C4CD6A7-E2F0-4F3C-BB81-3536E784771D}.Debug|Any CPU.ActiveCfg = Debug|Any CPU
		{1C4CD6A7-E2F0-4F3C-BB81-3536E784771D}.Debug|Any CPU.Build.0 = Debug|Any CPU
		{1C4CD6A7-E2F0-4F3C-BB81-3536E784771D}.Release|Any CPU.ActiveCfg = Release|Any CPU
		{1C4CD6A7-E2F0-4F3C-BB81-3536E784771D}.Release|Any CPU.Build.0 = Release|Any CPU
		{4F513F8F-F2FB-4C42-9785-6F8086E262A2}.Debug|Any CPU.ActiveCfg = Debug|Any CPU
		{4F513F8F-F2FB-4C42-9785-6F8086E262A2}.Debug|Any CPU.Build.0 = Debug|Any CPU
		{4F513F8F-F2FB-4C42-9785-6F8086E262A2}.Release|Any CPU.ActiveCfg = Release|Any CPU
		{4F513F8F-F2FB-4C42-9785-6F8086E262A2}.Release|Any CPU.Build.0 = Release|Any CPU
		{0833BFE1-7C23-4F38-BF8D-B836C358FBF3}.Debug|Any CPU.ActiveCfg = Debug|Any CPU
		{0833BFE1-7C23-4F38-BF8D-B836C358FBF3}.Debug|Any CPU.Build.0 = Debug|Any CPU
		{0833BFE1-7C23-4F38-BF8D-B836C358FBF3}.Release|Any CPU.ActiveCfg = Release|Any CPU
		{0833BFE1-7C23-4F38-BF8D-B836C358FBF3}.Release|Any CPU.Build.0 = Release|Any CPU
	EndGlobalSection
	GlobalSection(SolutionProperties) = preSolution
		HideSolutionNode = FALSE
	EndGlobalSection
	GlobalSection(NestedProjects) = preSolution
		{16C95E5D-E594-4E78-82E5-17666E958B14} = {BF06E0BB-1210-4A07-BF50-07EEF5382DB4}
		{B16CB8F5-F524-4784-B339-EA711860895E} = {BF06E0BB-1210-4A07-BF50-07EEF5382DB4}
		{1C4CD6A7-E2F0-4F3C-BB81-3536E784771D} = {618DD225-ACFD-432B-BB71-7E7551B07720}
	EndGlobalSection
EndGlobal
