
Microsoft Visual Studio Solution File, Format Version 12.00
# Visual Studio 2012
Project("{E24C65DC-7377-472B-9ABA-BC803B73C61A}") = "PromoPSA", "..\..\PromoPSA", "{C8B168C1-B564-4B82-811D-A52BCBB20A39}"
	ProjectSection(WebsiteProperties) = preProject
		SccProjectName = "SAK"
		SccAuxPath = "SAK"
		SccLocalPath = "SAK"
		SccProvider = "SAK"
		TargetFrameworkMoniker = ".NETFramework,Version%3Dv4.0"
		ProjectReferences = "{794b9d4d-d03d-4e67-9430-a52e57726275}|KMI.PromoPSA.Web.dll;{4CE71C74-45B6-4D6A-A055-446D39DA6137}|KMI.PromoPSA.Constantes.dll;{F3EDD3EB-288A-45B1-BD89-B1B45D91804C}|KMI.PromoPSA.Rules.dll;{81C46103-5DB9-4143-A54A-6359B14249CC}|KMI.PromoPSA.Web.Core.dll;{DE0EF26A-4E1C-4A92-971E-CA597D050F57}|KMI.PromoPSA.Web.Domain.dll;{D8AB005D-2164-4068-AC56-464C37BEFA2E}|KMI.PromoPSA.BusinessEntities.dll;{4C9D8C84-DBA0-40BD-98D2-6A4EFBDC3ADB}|KMI.PromoPSA.DAL.dll;{7814d1cf-96c2-4d31-b236-9b6f5e584d62}|KMI.PromoPSA.Web.Controls.dll;"
		Debug.AspNetCompiler.VirtualPath = "/PromoPSA"
		Debug.AspNetCompiler.PhysicalPath = "..\..\PromoPSA\"
		Debug.AspNetCompiler.TargetPath = "PrecompiledWeb\PromoPSA\"
		Debug.AspNetCompiler.Updateable = "true"
		Debug.AspNetCompiler.ForceOverwrite = "true"
		Debug.AspNetCompiler.FixedNames = "false"
		Debug.AspNetCompiler.Debug = "True"
		Release.AspNetCompiler.VirtualPath = "/PromoPSA"
		Release.AspNetCompiler.PhysicalPath = "..\..\PromoPSA\"
		Release.AspNetCompiler.TargetPath = "PrecompiledWeb\PromoPSA\"
		Release.AspNetCompiler.Updateable = "true"
		Release.AspNetCompiler.ForceOverwrite = "true"
		Release.AspNetCompiler.FixedNames = "false"
		Release.AspNetCompiler.Debug = "False"
		VWDPort = "19227"
		VWDVirtualPath = "/"
	EndProjectSection
EndProject
Project("{FAE04EC0-301F-11D3-BF4B-00C04F79EFBC}") = "KMI.PromoPSA.Constantes", "..\..\DLL\KMI.PromoPSA.Constantes\KMI.PromoPSA.Constantes.csproj", "{4CE71C74-45B6-4D6A-A055-446D39DA6137}"
EndProject
Project("{FAE04EC0-301F-11D3-BF4B-00C04F79EFBC}") = "KMI.PromoPSA.Rules", "..\..\DLL\KMI.PromoPSA.Rules\KMI.PromoPSA.Rules.csproj", "{F3EDD3EB-288A-45B1-BD89-B1B45D91804C}"
EndProject
Project("{FAE04EC0-301F-11D3-BF4B-00C04F79EFBC}") = "KMI.PromoPSA.Web", "..\..\DLL\KMI.PromoPSA.Web\KMI.PromoPSA.Web.csproj", "{794B9D4D-D03D-4E67-9430-A52E57726275}"
EndProject
Project("{FAE04EC0-301F-11D3-BF4B-00C04F79EFBC}") = "KMI.PromoPSA.Web.Core", "..\..\DLL\KMI.PromoPSA.Web.Core\KMI.PromoPSA.Web.Core.csproj", "{81C46103-5DB9-4143-A54A-6359B14249CC}"
EndProject
Project("{FAE04EC0-301F-11D3-BF4B-00C04F79EFBC}") = "KMI.PromoPSA.Web.Domain", "..\..\DLL\KMI.PromoPSA.Web.Domain\KMI.PromoPSA.Web.Domain.csproj", "{DE0EF26A-4E1C-4A92-971E-CA597D050F57}"
EndProject
Project("{FAE04EC0-301F-11D3-BF4B-00C04F79EFBC}") = "KMI.PromoPSA.BusinessEntities", "..\..\DLL\KMI.PromoPSA.BusinessEntities\KMI.PromoPSA.BusinessEntities.csproj", "{D8AB005D-2164-4068-AC56-464C37BEFA2E}"
EndProject
Project("{FAE04EC0-301F-11D3-BF4B-00C04F79EFBC}") = "KMI.PromoPSA.DAL", "..\..\DLL\KMI.PromoPSA.DAL\KMI.PromoPSA.DAL.csproj", "{4C9D8C84-DBA0-40BD-98D2-6A4EFBDC3ADB}"
EndProject
Project("{2150E333-8FDC-42A3-9474-1A3956D46DE8}") = ".nuget", ".nuget", "{273F6D6E-E499-4921-BABC-D8D8063DC98B}"
	ProjectSection(SolutionItems) = preProject
		.nuget\NuGet.Config = .nuget\NuGet.Config
		.nuget\NuGet.exe = .nuget\NuGet.exe
		.nuget\NuGet.targets = .nuget\NuGet.targets
	EndProjectSection
EndProject
Project("{FAE04EC0-301F-11D3-BF4B-00C04F79EFBC}") = "KMI.PromoPSA.Web.Controls", "..\..\DLL\KMI.PromoPSA.Web.Controls\KMI.PromoPSA.Web.Controls.csproj", "{7814D1CF-96C2-4D31-B236-9B6F5E584D62}"
EndProject
Global
	GlobalSection(TeamFoundationVersionControl) = preSolution
		SccNumberOfProjects = 10
		SccEnterpriseProvider = {4CA58AB2-18FA-4F8D-95D4-32DDF27D184C}
		SccTeamFoundationServer = http://frmitch-tfs000:8080/
		SccLocalPath0 = .
		SccProjectUniqueName1 = ..\\..\\DLL\\KMI.PromoPSA.Constantes\\KMI.PromoPSA.Constantes.csproj
		SccProjectName1 = ../../DLL/KMI.PromoPSA.Constantes
		SccLocalPath1 = ..\\..\\DLL\\KMI.PromoPSA.Constantes
		SccProjectUniqueName2 = ..\\..\\DLL\\KMI.PromoPSA.Rules\\KMI.PromoPSA.Rules.csproj
		SccProjectName2 = ../../DLL/KMI.PromoPSA.Rules
		SccLocalPath2 = ..\\..\\DLL\\KMI.PromoPSA.Rules
		SccProjectUniqueName3 = ..\\..\\DLL\\KMI.PromoPSA.Web\\KMI.PromoPSA.Web.csproj
		SccProjectName3 = ../../DLL/KMI.PromoPSA.Web
		SccLocalPath3 = ..\\..\\DLL\\KMI.PromoPSA.Web
		SccProjectUniqueName4 = ..\\..\\DLL\\KMI.PromoPSA.Web.Core\\KMI.PromoPSA.Web.Core.csproj
		SccProjectName4 = ../../DLL/KMI.PromoPSA.Web.Core
		SccLocalPath4 = ..\\..\\DLL\\KMI.PromoPSA.Web.Core
		SccProjectUniqueName5 = ..\\..\\DLL\\KMI.PromoPSA.BusinessEntities\\KMI.PromoPSA.BusinessEntities.csproj
		SccProjectName5 = ../../DLL/KMI.PromoPSA.BusinessEntities
		SccLocalPath5 = ..\\..\\DLL\\KMI.PromoPSA.BusinessEntities
		SccProjectUniqueName6 = ..\\..\\DLL\\KMI.PromoPSA.Web.Domain\\KMI.PromoPSA.Web.Domain.csproj
		SccProjectName6 = ../../DLL/KMI.PromoPSA.Web.Domain
		SccLocalPath6 = ..\\..\\DLL\\KMI.PromoPSA.Web.Domain
		SccProjectUniqueName7 = ..\\..\\DLL\\KMI.PromoPSA.DAL\\KMI.PromoPSA.DAL.csproj
		SccProjectName7 = ../../DLL/KMI.PromoPSA.DAL
		SccLocalPath7 = ..\\..\\DLL\\KMI.PromoPSA.DAL
		SccWebProject8 = true
		SccProjectUniqueName8 = ..\\..\\PromoPSA
		SccProjectName8 = ../../PromoPSA
		SccLocalPath8 = ..\\..\\PromoPSA
		SccProjectEnlistmentChoice8 = 2
		SccProjectUniqueName9 = ..\\..\\DLL\\KMI.PromoPSA.Web.Controls\\KMI.PromoPSA.Web.Controls.csproj
		SccProjectName9 = ../../DLL/KMI.PromoPSA.Web.Controls
		SccLocalPath9 = ..\\..\\DLL\\KMI.PromoPSA.Web.Controls
	EndGlobalSection
	GlobalSection(SolutionConfigurationPlatforms) = preSolution
		Debug|Any CPU = Debug|Any CPU
		Release|Any CPU = Release|Any CPU
	EndGlobalSection
	GlobalSection(ProjectConfigurationPlatforms) = postSolution
		{C8B168C1-B564-4B82-811D-A52BCBB20A39}.Debug|Any CPU.ActiveCfg = Debug|Any CPU
		{C8B168C1-B564-4B82-811D-A52BCBB20A39}.Debug|Any CPU.Build.0 = Debug|Any CPU
		{C8B168C1-B564-4B82-811D-A52BCBB20A39}.Release|Any CPU.ActiveCfg = Debug|Any CPU
		{C8B168C1-B564-4B82-811D-A52BCBB20A39}.Release|Any CPU.Build.0 = Debug|Any CPU
		{4CE71C74-45B6-4D6A-A055-446D39DA6137}.Debug|Any CPU.ActiveCfg = Debug|Any CPU
		{4CE71C74-45B6-4D6A-A055-446D39DA6137}.Debug|Any CPU.Build.0 = Debug|Any CPU
		{4CE71C74-45B6-4D6A-A055-446D39DA6137}.Release|Any CPU.ActiveCfg = Release|Any CPU
		{4CE71C74-45B6-4D6A-A055-446D39DA6137}.Release|Any CPU.Build.0 = Release|Any CPU
		{F3EDD3EB-288A-45B1-BD89-B1B45D91804C}.Debug|Any CPU.ActiveCfg = Debug|Any CPU
		{F3EDD3EB-288A-45B1-BD89-B1B45D91804C}.Debug|Any CPU.Build.0 = Debug|Any CPU
		{F3EDD3EB-288A-45B1-BD89-B1B45D91804C}.Release|Any CPU.ActiveCfg = Release|Any CPU
		{F3EDD3EB-288A-45B1-BD89-B1B45D91804C}.Release|Any CPU.Build.0 = Release|Any CPU
		{794B9D4D-D03D-4E67-9430-A52E57726275}.Debug|Any CPU.ActiveCfg = Debug|Any CPU
		{794B9D4D-D03D-4E67-9430-A52E57726275}.Debug|Any CPU.Build.0 = Debug|Any CPU
		{794B9D4D-D03D-4E67-9430-A52E57726275}.Release|Any CPU.ActiveCfg = Release|Any CPU
		{794B9D4D-D03D-4E67-9430-A52E57726275}.Release|Any CPU.Build.0 = Release|Any CPU
		{81C46103-5DB9-4143-A54A-6359B14249CC}.Debug|Any CPU.ActiveCfg = Debug|Any CPU
		{81C46103-5DB9-4143-A54A-6359B14249CC}.Debug|Any CPU.Build.0 = Debug|Any CPU
		{81C46103-5DB9-4143-A54A-6359B14249CC}.Release|Any CPU.ActiveCfg = Release|Any CPU
		{81C46103-5DB9-4143-A54A-6359B14249CC}.Release|Any CPU.Build.0 = Release|Any CPU
		{DE0EF26A-4E1C-4A92-971E-CA597D050F57}.Debug|Any CPU.ActiveCfg = Debug|Any CPU
		{DE0EF26A-4E1C-4A92-971E-CA597D050F57}.Debug|Any CPU.Build.0 = Debug|Any CPU
		{DE0EF26A-4E1C-4A92-971E-CA597D050F57}.Release|Any CPU.ActiveCfg = Release|Any CPU
		{DE0EF26A-4E1C-4A92-971E-CA597D050F57}.Release|Any CPU.Build.0 = Release|Any CPU
		{D8AB005D-2164-4068-AC56-464C37BEFA2E}.Debug|Any CPU.ActiveCfg = Debug|Any CPU
		{D8AB005D-2164-4068-AC56-464C37BEFA2E}.Debug|Any CPU.Build.0 = Debug|Any CPU
		{D8AB005D-2164-4068-AC56-464C37BEFA2E}.Release|Any CPU.ActiveCfg = Release|Any CPU
		{D8AB005D-2164-4068-AC56-464C37BEFA2E}.Release|Any CPU.Build.0 = Release|Any CPU
		{4C9D8C84-DBA0-40BD-98D2-6A4EFBDC3ADB}.Debug|Any CPU.ActiveCfg = Debug|Any CPU
		{4C9D8C84-DBA0-40BD-98D2-6A4EFBDC3ADB}.Debug|Any CPU.Build.0 = Debug|Any CPU
		{4C9D8C84-DBA0-40BD-98D2-6A4EFBDC3ADB}.Release|Any CPU.ActiveCfg = Release|Any CPU
		{4C9D8C84-DBA0-40BD-98D2-6A4EFBDC3ADB}.Release|Any CPU.Build.0 = Release|Any CPU
		{7814D1CF-96C2-4D31-B236-9B6F5E584D62}.Debug|Any CPU.ActiveCfg = Debug|Any CPU
		{7814D1CF-96C2-4D31-B236-9B6F5E584D62}.Debug|Any CPU.Build.0 = Debug|Any CPU
		{7814D1CF-96C2-4D31-B236-9B6F5E584D62}.Release|Any CPU.ActiveCfg = Release|Any CPU
		{7814D1CF-96C2-4D31-B236-9B6F5E584D62}.Release|Any CPU.Build.0 = Release|Any CPU
	EndGlobalSection
	GlobalSection(SolutionProperties) = preSolution
		HideSolutionNode = FALSE
	EndGlobalSection
EndGlobal
