
Microsoft Visual Studio Solution File, Format Version 12.00
# Visual Studio 14
VisualStudioVersion = 14.0.24720.0
MinimumVisualStudioVersion = 10.0.40219.1
Project("{2150E333-8FDC-42A3-9474-1A3956D46DE8}") = "src", "src", "{81DC8D53-B9D7-44FA-9FBD-0D77BFCC963C}"
EndProject
Project("{2150E333-8FDC-42A3-9474-1A3956D46DE8}") = "Acces aux données", "Acces aux données", "{9110F3BD-D9BF-407B-ABD2-F2DA37188937}"
EndProject
Project("{FAE04EC0-301F-11D3-BF4B-00C04F79EFBC}") = "Kantar.AdExpress.Service.Core", "src\Kantar.AdExpress.Service.Core\Kantar.AdExpress.Service.Core.csproj", "{1D6FBD14-EEE6-45DB-88B9-D99386D23E53}"
EndProject
Project("{FAE04EC0-301F-11D3-BF4B-00C04F79EFBC}") = "Kantar.AdExpress.Service.DataAccess", "src\Kantar.AdExpress.Service.DataAccess\Kantar.AdExpress.Service.DataAccess.csproj", "{3BFB4045-54D5-43C8-A026-C2F45E76F9A2}"
EndProject
Project("{2150E333-8FDC-42A3-9474-1A3956D46DE8}") = "Web API", "Web API", "{5DC1796A-12BA-45D3-B1B6-FE7A0C462481}"
EndProject
Project("{FAE04EC0-301F-11D3-BF4B-00C04F79EFBC}") = "Kantar.AdExpress.ServiceRest", "src\Kantar.AdExpress.ServiceRest\Kantar.AdExpress.ServiceRest.csproj", "{6DA55023-0B4E-4EF5-8234-CE4592D016F7}"
EndProject
Project("{2150E333-8FDC-42A3-9474-1A3956D46DE8}") = "Service Implementation", "Service Implementation", "{10165716-EA3F-47EE-AC80-D14F4DD6D092}"
EndProject
Project("{FAE04EC0-301F-11D3-BF4B-00C04F79EFBC}") = "Kantar.AdExpress.Service.BusinessLogic", "src\Kantar.AdExpress.Service.BusinessLogic\Kantar.AdExpress.Service.BusinessLogic.csproj", "{CA7E837A-1978-47B7-9A33-1401C7C2C4BB}"
EndProject
Project("{2150E333-8FDC-42A3-9474-1A3956D46DE8}") = "z_debug", "z_debug", "{02BE01DA-251B-46D8-A107-E44EF7246B27}"
EndProject
Project("{FAE04EC0-301F-11D3-BF4B-00C04F79EFBC}") = "Kantar.AdExpress.Service.DataAccessConsole", "src\Kantar.AdExpress.Service.DataAccessConsole\Kantar.AdExpress.Service.DataAccessConsole.csproj", "{24FB0F5E-A9DF-4719-B61D-75342FC197E9}"
EndProject
Project("{2150E333-8FDC-42A3-9474-1A3956D46DE8}") = "z_out_Framework", "z_out_Framework", "{0476CA59-8410-4F04-8243-C9F6462C33D4}"
EndProject
Project("{FAE04EC0-301F-11D3-BF4B-00C04F79EFBC}") = "KM.Framework", "src\KM.Framework\KM.Framework.csproj", "{6A14BE5E-E261-4821-8531-2FD6AB03C686}"
EndProject
Project("{2150E333-8FDC-42A3-9474-1A3956D46DE8}") = "Infra", "Infra", "{F147FE2E-E024-4CE7-B0EC-27B114262B95}"
EndProject
Project("{FAE04EC0-301F-11D3-BF4B-00C04F79EFBC}") = "Kantar.AdExpress.Bootstrapper", "src\Kantar.AdExpress.Bootstrapper\Kantar.AdExpress.Bootstrapper.csproj", "{1A89F8E3-DA88-4A57-AF84-4C1B2634911A}"
EndProject
Project("{FAE04EC0-301F-11D3-BF4B-00C04F79EFBC}") = "Kantar.AdExpress.Service.Contracts", "src\Kantar.AdExpress.Service.Contracts\Kantar.AdExpress.Service.Contracts.csproj", "{A024F3E9-DE00-4F3C-B1FE-B15A131D26C3}"
EndProject
Project("{2150E333-8FDC-42A3-9474-1A3956D46DE8}") = "Web Client", "Web Client", "{61DF61FC-1D79-4675-A087-D8AC3554280E}"
EndProject
Global
	GlobalSection(SolutionConfigurationPlatforms) = preSolution
		Debug|Any CPU = Debug|Any CPU
		Release|Any CPU = Release|Any CPU
	EndGlobalSection
	GlobalSection(ProjectConfigurationPlatforms) = postSolution
		{1D6FBD14-EEE6-45DB-88B9-D99386D23E53}.Debug|Any CPU.ActiveCfg = Debug|Any CPU
		{1D6FBD14-EEE6-45DB-88B9-D99386D23E53}.Debug|Any CPU.Build.0 = Debug|Any CPU
		{1D6FBD14-EEE6-45DB-88B9-D99386D23E53}.Release|Any CPU.ActiveCfg = Release|Any CPU
		{1D6FBD14-EEE6-45DB-88B9-D99386D23E53}.Release|Any CPU.Build.0 = Release|Any CPU
		{3BFB4045-54D5-43C8-A026-C2F45E76F9A2}.Debug|Any CPU.ActiveCfg = Debug|Any CPU
		{3BFB4045-54D5-43C8-A026-C2F45E76F9A2}.Debug|Any CPU.Build.0 = Debug|Any CPU
		{3BFB4045-54D5-43C8-A026-C2F45E76F9A2}.Release|Any CPU.ActiveCfg = Release|Any CPU
		{3BFB4045-54D5-43C8-A026-C2F45E76F9A2}.Release|Any CPU.Build.0 = Release|Any CPU
		{6DA55023-0B4E-4EF5-8234-CE4592D016F7}.Debug|Any CPU.ActiveCfg = Debug|Any CPU
		{6DA55023-0B4E-4EF5-8234-CE4592D016F7}.Debug|Any CPU.Build.0 = Debug|Any CPU
		{6DA55023-0B4E-4EF5-8234-CE4592D016F7}.Release|Any CPU.ActiveCfg = Release|Any CPU
		{6DA55023-0B4E-4EF5-8234-CE4592D016F7}.Release|Any CPU.Build.0 = Release|Any CPU
		{CA7E837A-1978-47B7-9A33-1401C7C2C4BB}.Debug|Any CPU.ActiveCfg = Debug|Any CPU
		{CA7E837A-1978-47B7-9A33-1401C7C2C4BB}.Debug|Any CPU.Build.0 = Debug|Any CPU
		{CA7E837A-1978-47B7-9A33-1401C7C2C4BB}.Release|Any CPU.ActiveCfg = Release|Any CPU
		{CA7E837A-1978-47B7-9A33-1401C7C2C4BB}.Release|Any CPU.Build.0 = Release|Any CPU
		{24FB0F5E-A9DF-4719-B61D-75342FC197E9}.Debug|Any CPU.ActiveCfg = Debug|Any CPU
		{24FB0F5E-A9DF-4719-B61D-75342FC197E9}.Debug|Any CPU.Build.0 = Debug|Any CPU
		{24FB0F5E-A9DF-4719-B61D-75342FC197E9}.Release|Any CPU.ActiveCfg = Release|Any CPU
		{24FB0F5E-A9DF-4719-B61D-75342FC197E9}.Release|Any CPU.Build.0 = Release|Any CPU
		{6A14BE5E-E261-4821-8531-2FD6AB03C686}.Debug|Any CPU.ActiveCfg = Debug|Any CPU
		{6A14BE5E-E261-4821-8531-2FD6AB03C686}.Debug|Any CPU.Build.0 = Debug|Any CPU
		{6A14BE5E-E261-4821-8531-2FD6AB03C686}.Release|Any CPU.ActiveCfg = Release|Any CPU
		{6A14BE5E-E261-4821-8531-2FD6AB03C686}.Release|Any CPU.Build.0 = Release|Any CPU
		{1A89F8E3-DA88-4A57-AF84-4C1B2634911A}.Debug|Any CPU.ActiveCfg = Debug|Any CPU
		{1A89F8E3-DA88-4A57-AF84-4C1B2634911A}.Debug|Any CPU.Build.0 = Debug|Any CPU
		{1A89F8E3-DA88-4A57-AF84-4C1B2634911A}.Release|Any CPU.ActiveCfg = Release|Any CPU
		{1A89F8E3-DA88-4A57-AF84-4C1B2634911A}.Release|Any CPU.Build.0 = Release|Any CPU
		{A024F3E9-DE00-4F3C-B1FE-B15A131D26C3}.Debug|Any CPU.ActiveCfg = Debug|Any CPU
		{A024F3E9-DE00-4F3C-B1FE-B15A131D26C3}.Debug|Any CPU.Build.0 = Debug|Any CPU
		{A024F3E9-DE00-4F3C-B1FE-B15A131D26C3}.Release|Any CPU.ActiveCfg = Release|Any CPU
		{A024F3E9-DE00-4F3C-B1FE-B15A131D26C3}.Release|Any CPU.Build.0 = Release|Any CPU
	EndGlobalSection
	GlobalSection(SolutionProperties) = preSolution
		HideSolutionNode = FALSE
	EndGlobalSection
	GlobalSection(NestedProjects) = preSolution
		{9110F3BD-D9BF-407B-ABD2-F2DA37188937} = {81DC8D53-B9D7-44FA-9FBD-0D77BFCC963C}
		{1D6FBD14-EEE6-45DB-88B9-D99386D23E53} = {9110F3BD-D9BF-407B-ABD2-F2DA37188937}
		{3BFB4045-54D5-43C8-A026-C2F45E76F9A2} = {9110F3BD-D9BF-407B-ABD2-F2DA37188937}
		{5DC1796A-12BA-45D3-B1B6-FE7A0C462481} = {81DC8D53-B9D7-44FA-9FBD-0D77BFCC963C}
		{6DA55023-0B4E-4EF5-8234-CE4592D016F7} = {5DC1796A-12BA-45D3-B1B6-FE7A0C462481}
		{10165716-EA3F-47EE-AC80-D14F4DD6D092} = {81DC8D53-B9D7-44FA-9FBD-0D77BFCC963C}
		{CA7E837A-1978-47B7-9A33-1401C7C2C4BB} = {10165716-EA3F-47EE-AC80-D14F4DD6D092}
		{02BE01DA-251B-46D8-A107-E44EF7246B27} = {81DC8D53-B9D7-44FA-9FBD-0D77BFCC963C}
		{24FB0F5E-A9DF-4719-B61D-75342FC197E9} = {02BE01DA-251B-46D8-A107-E44EF7246B27}
		{0476CA59-8410-4F04-8243-C9F6462C33D4} = {81DC8D53-B9D7-44FA-9FBD-0D77BFCC963C}
		{6A14BE5E-E261-4821-8531-2FD6AB03C686} = {0476CA59-8410-4F04-8243-C9F6462C33D4}
		{F147FE2E-E024-4CE7-B0EC-27B114262B95} = {81DC8D53-B9D7-44FA-9FBD-0D77BFCC963C}
		{1A89F8E3-DA88-4A57-AF84-4C1B2634911A} = {F147FE2E-E024-4CE7-B0EC-27B114262B95}
		{A024F3E9-DE00-4F3C-B1FE-B15A131D26C3} = {10165716-EA3F-47EE-AC80-D14F4DD6D092}
		{61DF61FC-1D79-4675-A087-D8AC3554280E} = {81DC8D53-B9D7-44FA-9FBD-0D77BFCC963C}
	EndGlobalSection
EndGlobal
