
Microsoft Visual Studio Solution File, Format Version 12.00
# Visual Studio 14
VisualStudioVersion = 14.0.25123.0
MinimumVisualStudioVersion = 10.0.40219.1
Project("{FAE04EC0-301F-11D3-BF4B-00C04F79EFBC}") = "TNS.Ares.Requester", "..\..\Services\TNS.Ares.Requester\TNS.Ares.Requester.csproj", "{F77F07C9-87F4-40DF-9455-584D2E66A9AC}"
EndProject
Project("{FAE04EC0-301F-11D3-BF4B-00C04F79EFBC}") = "TNS.Alert.Domain", "..\..\DLL\TNS.Alert.Domain\TNS.Alert.Domain.csproj", "{741A9674-6545-469F-8528-F96BA2DB3A74}"
EndProject
Project("{FAE04EC0-301F-11D3-BF4B-00C04F79EFBC}") = "TNS.Ares.Alerts.DAL", "..\..\DLL\TNS.Ares.Alerts.DAL\TNS.Ares.Alerts.DAL.csproj", "{3EDBE8FB-A516-49C9-92FC-B0B0103F7D06}"
EndProject
Project("{FAE04EC0-301F-11D3-BF4B-00C04F79EFBC}") = "TNS.Ares.Constantes", "..\..\DLL\TNS.Ares.Constantes\TNS.Ares.Constantes.csproj", "{303C6B21-CA16-4D7B-8EDB-E8869B2B3EC9}"
EndProject
Project("{FAE04EC0-301F-11D3-BF4B-00C04F79EFBC}") = "TNS.Ares.Domain", "..\..\DLL\TNS.Ares.Domain\TNS.Ares.Domain.csproj", "{255834E2-DCA3-4290-9325-FFA4291839A6}"
EndProject
Project("{FAE04EC0-301F-11D3-BF4B-00C04F79EFBC}") = "TNS.Ares.StaticNavSession.DAL", "..\..\DLL\TNS.Ares.StaticNavSession.DAL\TNS.Ares.StaticNavSession.DAL.csproj", "{4762D913-FC82-42BD-840F-5BCB43E5979D}"
EndProject
Project("{FAE04EC0-301F-11D3-BF4B-00C04F79EFBC}") = "TNS.Ares.StaticNavSession.DAL.Default", "..\..\DLL\TNS.Ares.StaticNavSession.DAL.Default\TNS.Ares.StaticNavSession.DAL.Default.csproj", "{5D4C60A4-D7D0-4725-9BA8-57EF44677BC4}"
EndProject
Project("{FAE04EC0-301F-11D3-BF4B-00C04F79EFBC}") = "TNS.Ares.RequesterApp", "..\..\Services\TNS.Ares.RequesterApp\TNS.Ares.RequesterApp.csproj", "{3587BD11-1848-438F-921D-51A913A41A8A}"
EndProject
Project("{FAE04EC0-301F-11D3-BF4B-00C04F79EFBC}") = "TNS.AdExpress.Constantes", "..\..\DLL\TNS.AdExpress.Constantes\TNS.AdExpress.Constantes.csproj", "{E25DBD07-256D-4078-A3C9-27153081629F}"
EndProject
Project("{FAE04EC0-301F-11D3-BF4B-00C04F79EFBC}") = "TNS.Ares.Alerts.DAL.Default", "..\..\DLL\TNS.Ares.Alerts.DAL.Default\TNS.Ares.Alerts.DAL.Default.csproj", "{4E2AF43F-ECC1-434A-889A-BA939F7A9D9A}"
EndProject
Project("{FAE04EC0-301F-11D3-BF4B-00C04F79EFBC}") = "TNS.Ares.RequesterSrv", "..\..\Services\TNS.Ares.RequesterSrv\TNS.Ares.RequesterSrv.csproj", "{117BC878-7920-49D3-BB58-E74960045F0E}"
EndProject
Project("{FAE04EC0-301F-11D3-BF4B-00C04F79EFBC}") = "TNS.Ares.RequesterSrvIr", "..\..\Services\TNS.Ares.RequesterSrvIr\TNS.Ares.RequesterSrvIr.csproj", "{007C4929-7CEF-48E5-A2D9-647EF829078A}"
EndProject
Global
	GlobalSection(SolutionConfigurationPlatforms) = preSolution
		Debug|Any CPU = Debug|Any CPU
		Release [Mixed Platforms]|Any CPU = Release [Mixed Platforms]|Any CPU
		Release|Any CPU = Release|Any CPU
	EndGlobalSection
	GlobalSection(ProjectConfigurationPlatforms) = postSolution
		{F77F07C9-87F4-40DF-9455-584D2E66A9AC}.Debug|Any CPU.ActiveCfg = Debug|Any CPU
		{F77F07C9-87F4-40DF-9455-584D2E66A9AC}.Debug|Any CPU.Build.0 = Debug|Any CPU
		{F77F07C9-87F4-40DF-9455-584D2E66A9AC}.Release [Mixed Platforms]|Any CPU.ActiveCfg = Release|Any CPU
		{F77F07C9-87F4-40DF-9455-584D2E66A9AC}.Release [Mixed Platforms]|Any CPU.Build.0 = Release|Any CPU
		{F77F07C9-87F4-40DF-9455-584D2E66A9AC}.Release|Any CPU.ActiveCfg = Release|Any CPU
		{F77F07C9-87F4-40DF-9455-584D2E66A9AC}.Release|Any CPU.Build.0 = Release|Any CPU
		{741A9674-6545-469F-8528-F96BA2DB3A74}.Debug|Any CPU.ActiveCfg = Debug|Any CPU
		{741A9674-6545-469F-8528-F96BA2DB3A74}.Debug|Any CPU.Build.0 = Debug|Any CPU
		{741A9674-6545-469F-8528-F96BA2DB3A74}.Release [Mixed Platforms]|Any CPU.ActiveCfg = Release|Any CPU
		{741A9674-6545-469F-8528-F96BA2DB3A74}.Release [Mixed Platforms]|Any CPU.Build.0 = Release|Any CPU
		{741A9674-6545-469F-8528-F96BA2DB3A74}.Release|Any CPU.ActiveCfg = Release|Any CPU
		{741A9674-6545-469F-8528-F96BA2DB3A74}.Release|Any CPU.Build.0 = Release|Any CPU
		{3EDBE8FB-A516-49C9-92FC-B0B0103F7D06}.Debug|Any CPU.ActiveCfg = Debug|Any CPU
		{3EDBE8FB-A516-49C9-92FC-B0B0103F7D06}.Debug|Any CPU.Build.0 = Debug|Any CPU
		{3EDBE8FB-A516-49C9-92FC-B0B0103F7D06}.Release [Mixed Platforms]|Any CPU.ActiveCfg = Release|Any CPU
		{3EDBE8FB-A516-49C9-92FC-B0B0103F7D06}.Release [Mixed Platforms]|Any CPU.Build.0 = Release|Any CPU
		{3EDBE8FB-A516-49C9-92FC-B0B0103F7D06}.Release|Any CPU.ActiveCfg = Release|Any CPU
		{3EDBE8FB-A516-49C9-92FC-B0B0103F7D06}.Release|Any CPU.Build.0 = Release|Any CPU
		{303C6B21-CA16-4D7B-8EDB-E8869B2B3EC9}.Debug|Any CPU.ActiveCfg = Debug|Any CPU
		{303C6B21-CA16-4D7B-8EDB-E8869B2B3EC9}.Debug|Any CPU.Build.0 = Debug|Any CPU
		{303C6B21-CA16-4D7B-8EDB-E8869B2B3EC9}.Release [Mixed Platforms]|Any CPU.ActiveCfg = Release|Any CPU
		{303C6B21-CA16-4D7B-8EDB-E8869B2B3EC9}.Release [Mixed Platforms]|Any CPU.Build.0 = Release|Any CPU
		{303C6B21-CA16-4D7B-8EDB-E8869B2B3EC9}.Release|Any CPU.ActiveCfg = Release|Any CPU
		{303C6B21-CA16-4D7B-8EDB-E8869B2B3EC9}.Release|Any CPU.Build.0 = Release|Any CPU
		{255834E2-DCA3-4290-9325-FFA4291839A6}.Debug|Any CPU.ActiveCfg = Debug|Any CPU
		{255834E2-DCA3-4290-9325-FFA4291839A6}.Debug|Any CPU.Build.0 = Debug|Any CPU
		{255834E2-DCA3-4290-9325-FFA4291839A6}.Release [Mixed Platforms]|Any CPU.ActiveCfg = Release|Any CPU
		{255834E2-DCA3-4290-9325-FFA4291839A6}.Release [Mixed Platforms]|Any CPU.Build.0 = Release|Any CPU
		{255834E2-DCA3-4290-9325-FFA4291839A6}.Release|Any CPU.ActiveCfg = Release|Any CPU
		{255834E2-DCA3-4290-9325-FFA4291839A6}.Release|Any CPU.Build.0 = Release|Any CPU
		{4762D913-FC82-42BD-840F-5BCB43E5979D}.Debug|Any CPU.ActiveCfg = Debug|Any CPU
		{4762D913-FC82-42BD-840F-5BCB43E5979D}.Debug|Any CPU.Build.0 = Debug|Any CPU
		{4762D913-FC82-42BD-840F-5BCB43E5979D}.Release [Mixed Platforms]|Any CPU.ActiveCfg = Release|Any CPU
		{4762D913-FC82-42BD-840F-5BCB43E5979D}.Release [Mixed Platforms]|Any CPU.Build.0 = Release|Any CPU
		{4762D913-FC82-42BD-840F-5BCB43E5979D}.Release|Any CPU.ActiveCfg = Release|Any CPU
		{4762D913-FC82-42BD-840F-5BCB43E5979D}.Release|Any CPU.Build.0 = Release|Any CPU
		{5D4C60A4-D7D0-4725-9BA8-57EF44677BC4}.Debug|Any CPU.ActiveCfg = Debug|Any CPU
		{5D4C60A4-D7D0-4725-9BA8-57EF44677BC4}.Debug|Any CPU.Build.0 = Debug|Any CPU
		{5D4C60A4-D7D0-4725-9BA8-57EF44677BC4}.Release [Mixed Platforms]|Any CPU.ActiveCfg = Release|Any CPU
		{5D4C60A4-D7D0-4725-9BA8-57EF44677BC4}.Release [Mixed Platforms]|Any CPU.Build.0 = Release|Any CPU
		{5D4C60A4-D7D0-4725-9BA8-57EF44677BC4}.Release|Any CPU.ActiveCfg = Release|Any CPU
		{5D4C60A4-D7D0-4725-9BA8-57EF44677BC4}.Release|Any CPU.Build.0 = Release|Any CPU
		{3587BD11-1848-438F-921D-51A913A41A8A}.Debug|Any CPU.ActiveCfg = Debug|Any CPU
		{3587BD11-1848-438F-921D-51A913A41A8A}.Debug|Any CPU.Build.0 = Debug|Any CPU
		{3587BD11-1848-438F-921D-51A913A41A8A}.Release [Mixed Platforms]|Any CPU.ActiveCfg = Release|Any CPU
		{3587BD11-1848-438F-921D-51A913A41A8A}.Release [Mixed Platforms]|Any CPU.Build.0 = Release|Any CPU
		{3587BD11-1848-438F-921D-51A913A41A8A}.Release|Any CPU.ActiveCfg = Release|Any CPU
		{3587BD11-1848-438F-921D-51A913A41A8A}.Release|Any CPU.Build.0 = Release|Any CPU
		{E25DBD07-256D-4078-A3C9-27153081629F}.Debug|Any CPU.ActiveCfg = Debug|Any CPU
		{E25DBD07-256D-4078-A3C9-27153081629F}.Debug|Any CPU.Build.0 = Debug|Any CPU
		{E25DBD07-256D-4078-A3C9-27153081629F}.Release [Mixed Platforms]|Any CPU.ActiveCfg = Release [Mixed Platforms]|Any CPU
		{E25DBD07-256D-4078-A3C9-27153081629F}.Release [Mixed Platforms]|Any CPU.Build.0 = Release [Mixed Platforms]|Any CPU
		{E25DBD07-256D-4078-A3C9-27153081629F}.Release|Any CPU.ActiveCfg = Release|Any CPU
		{E25DBD07-256D-4078-A3C9-27153081629F}.Release|Any CPU.Build.0 = Release|Any CPU
		{4E2AF43F-ECC1-434A-889A-BA939F7A9D9A}.Debug|Any CPU.ActiveCfg = Debug|Any CPU
		{4E2AF43F-ECC1-434A-889A-BA939F7A9D9A}.Debug|Any CPU.Build.0 = Debug|Any CPU
		{4E2AF43F-ECC1-434A-889A-BA939F7A9D9A}.Release [Mixed Platforms]|Any CPU.ActiveCfg = Release|Any CPU
		{4E2AF43F-ECC1-434A-889A-BA939F7A9D9A}.Release [Mixed Platforms]|Any CPU.Build.0 = Release|Any CPU
		{4E2AF43F-ECC1-434A-889A-BA939F7A9D9A}.Release|Any CPU.ActiveCfg = Release|Any CPU
		{4E2AF43F-ECC1-434A-889A-BA939F7A9D9A}.Release|Any CPU.Build.0 = Release|Any CPU
		{117BC878-7920-49D3-BB58-E74960045F0E}.Debug|Any CPU.ActiveCfg = Debug|Any CPU
		{117BC878-7920-49D3-BB58-E74960045F0E}.Debug|Any CPU.Build.0 = Debug|Any CPU
		{117BC878-7920-49D3-BB58-E74960045F0E}.Release [Mixed Platforms]|Any CPU.ActiveCfg = Release|Any CPU
		{117BC878-7920-49D3-BB58-E74960045F0E}.Release [Mixed Platforms]|Any CPU.Build.0 = Release|Any CPU
		{117BC878-7920-49D3-BB58-E74960045F0E}.Release|Any CPU.ActiveCfg = Release|Any CPU
		{117BC878-7920-49D3-BB58-E74960045F0E}.Release|Any CPU.Build.0 = Release|Any CPU
		{007C4929-7CEF-48E5-A2D9-647EF829078A}.Debug|Any CPU.ActiveCfg = Debug|Any CPU
		{007C4929-7CEF-48E5-A2D9-647EF829078A}.Debug|Any CPU.Build.0 = Debug|Any CPU
		{007C4929-7CEF-48E5-A2D9-647EF829078A}.Release [Mixed Platforms]|Any CPU.ActiveCfg = Release|Any CPU
		{007C4929-7CEF-48E5-A2D9-647EF829078A}.Release [Mixed Platforms]|Any CPU.Build.0 = Release|Any CPU
		{007C4929-7CEF-48E5-A2D9-647EF829078A}.Release|Any CPU.ActiveCfg = Release|Any CPU
		{007C4929-7CEF-48E5-A2D9-647EF829078A}.Release|Any CPU.Build.0 = Release|Any CPU
	EndGlobalSection
	GlobalSection(SolutionProperties) = preSolution
		HideSolutionNode = FALSE
	EndGlobalSection
EndGlobal
